// !$*UTF8*$!
{
	archiveVersion = 1;
	classes = {
	};
	objectVersion = 45;
	objects = {

/* Begin PBXBuildFile section */
		1D3623260D0F684500981E51 /* fosdemAppDelegate.m in Sources */ = {isa = PBXBuildFile; fileRef = 1D3623250D0F684500981E51 /* fosdemAppDelegate.m */; };
		1D60589B0D05DD56006BFB54 /* main.m in Sources */ = {isa = PBXBuildFile; fileRef = 29B97316FDCFA39411CA2CEA /* main.m */; };
		1D60589F0D05DD5A006BFB54 /* Foundation.framework in Frameworks */ = {isa = PBXBuildFile; fileRef = 1D30AB110D05D00D00671497 /* Foundation.framework */; };
		1DF5F4E00D08C38300B7A737 /* UIKit.framework in Frameworks */ = {isa = PBXBuildFile; fileRef = 1DF5F4DF0D08C38300B7A737 /* UIKit.framework */; };
		233CA63610A478A800D84609 /* TODO in Resources */ = {isa = PBXBuildFile; fileRef = 233CA63510A478A800D84609 /* TODO */; };
		2348FD6510DE93C900021671 /* LADownload.m in Sources */ = {isa = PBXBuildFile; fileRef = 2348FD6410DE93C900021671 /* LADownload.m */; };
		2377DBC710BECE68008FDE65 /* fosdem_schedule.xcal in Resources */ = {isa = PBXBuildFile; fileRef = 2377DBC610BECE68008FDE65 /* fosdem_schedule.xcal */; };
		237FF51B10E2B36700DA34A8 /* AW1.105.png in Resources */ = {isa = PBXBuildFile; fileRef = 237FF50910E2B36700DA34A8 /* AW1.105.png */; };
		237FF51C10E2B36700DA34A8 /* AW1.117.png in Resources */ = {isa = PBXBuildFile; fileRef = 237FF50A10E2B36700DA34A8 /* AW1.117.png */; };
		237FF51D10E2B36700DA34A8 /* AW1.120.png in Resources */ = {isa = PBXBuildFile; fileRef = 237FF50B10E2B36700DA34A8 /* AW1.120.png */; };
		237FF51E10E2B36700DA34A8 /* AW1.121.png in Resources */ = {isa = PBXBuildFile; fileRef = 237FF50C10E2B36700DA34A8 /* AW1.121.png */; };
		237FF51F10E2B36700DA34A8 /* AW1.124.png in Resources */ = {isa = PBXBuildFile; fileRef = 237FF50D10E2B36700DA34A8 /* AW1.124.png */; };
		237FF52010E2B36700DA34A8 /* AW1.125.png in Resources */ = {isa = PBXBuildFile; fileRef = 237FF50E10E2B36700DA34A8 /* AW1.125.png */; };
		237FF52110E2B36700DA34A8 /* AW1.126.png in Resources */ = {isa = PBXBuildFile; fileRef = 237FF50F10E2B36700DA34A8 /* AW1.126.png */; };
		237FF52210E2B36700DA34A8 /* Chavanne.png in Resources */ = {isa = PBXBuildFile; fileRef = 237FF51010E2B36700DA34A8 /* Chavanne.png */; };
		237FF52310E2B36700DA34A8 /* Ferrer.png in Resources */ = {isa = PBXBuildFile; fileRef = 237FF51110E2B36700DA34A8 /* Ferrer.png */; };
		237FF52410E2B36700DA34A8 /* H.1301.png in Resources */ = {isa = PBXBuildFile; fileRef = 237FF51210E2B36700DA34A8 /* H.1301.png */; };
		237FF52510E2B36700DA34A8 /* H.1302.png in Resources */ = {isa = PBXBuildFile; fileRef = 237FF51310E2B36700DA34A8 /* H.1302.png */; };
		237FF52610E2B36700DA34A8 /* H.1308.png in Resources */ = {isa = PBXBuildFile; fileRef = 237FF51410E2B36700DA34A8 /* H.1308.png */; };
		237FF52710E2B36700DA34A8 /* H.1309.png in Resources */ = {isa = PBXBuildFile; fileRef = 237FF51510E2B36700DA34A8 /* H.1309.png */; };
		237FF52810E2B36700DA34A8 /* H.2213.png in Resources */ = {isa = PBXBuildFile; fileRef = 237FF51610E2B36700DA34A8 /* H.2213.png */; };
		237FF52910E2B36700DA34A8 /* H.2214.png in Resources */ = {isa = PBXBuildFile; fileRef = 237FF51710E2B36700DA34A8 /* H.2214.png */; };
		237FF52A10E2B36700DA34A8 /* Janson.png in Resources */ = {isa = PBXBuildFile; fileRef = 237FF51810E2B36700DA34A8 /* Janson.png */; };
		237FF52B10E2B36700DA34A8 /* Lameere.png in Resources */ = {isa = PBXBuildFile; fileRef = 237FF51910E2B36700DA34A8 /* Lameere.png */; };
		237FF52C10E2B36700DA34A8 /* UA2.114.png in Resources */ = {isa = PBXBuildFile; fileRef = 237FF51A10E2B36700DA34A8 /* UA2.114.png */; };
		23F7D4B110FF40C400CCDAA1 /* LAEventTableViewCell.m in Sources */ = {isa = PBXBuildFile; fileRef = 23F7D4B010FF40C400CCDAA1 /* LAEventTableViewCell.m */; };
		23F7D4BD10FF414700CCDAA1 /* LAEventTableViewCell.xib in Resources */ = {isa = PBXBuildFile; fileRef = 23F7D4BC10FF414700CCDAA1 /* LAEventTableViewCell.xib */; };
		23F864A410A2C451000B39DA /* LATracksTableViewController.m in Sources */ = {isa = PBXBuildFile; fileRef = 23F864A210A2C451000B39DA /* LATracksTableViewController.m */; };
		288765080DF74369002DB57D /* CoreGraphics.framework in Frameworks */ = {isa = PBXBuildFile; fileRef = 288765070DF74369002DB57D /* CoreGraphics.framework */; };
		28AD73880D9D96C1002E5188 /* MainWindow.xib in Resources */ = {isa = PBXBuildFile; fileRef = 28AD73870D9D96C1002E5188 /* MainWindow.xib */; };
		3525421D10BC4D66007D9C6B /* LAEventDetailViewController.xib in Resources */ = {isa = PBXBuildFile; fileRef = 3525421B10BC4D66007D9C6B /* LAEventDetailViewController.xib */; };
		3525421E10BC4D66007D9C6B /* LATracksTableViewController.xib in Resources */ = {isa = PBXBuildFile; fileRef = 3525421C10BC4D66007D9C6B /* LATracksTableViewController.xib */; };
		3525422210BC4DA5007D9C6B /* LAStarredTableViewController.xib in Resources */ = {isa = PBXBuildFile; fileRef = 3525422110BC4DA5007D9C6B /* LAStarredTableViewController.xib */; };
		3525422910BC4DD5007D9C6B /* LAStarredTableViewController.m in Sources */ = {isa = PBXBuildFile; fileRef = 3525422810BC4DD5007D9C6B /* LAStarredTableViewController.m */; };
		3525449010BC7ED0007D9C6B /* template.html in Resources */ = {isa = PBXBuildFile; fileRef = 3525448F10BC7ED0007D9C6B /* template.html */; };
		3540AE1310F4A5DC00B0BF70 /* LICENSE in Resources */ = {isa = PBXBuildFile; fileRef = 3540AE1210F4A5DC00B0BF70 /* LICENSE */; };
		357675D61089D2310042806B /* LAEventsTableViewController.xib in Resources */ = {isa = PBXBuildFile; fileRef = 357675D31089D2310042806B /* LAEventsTableViewController.xib */; };
		357675E11089D2400042806B /* LAEvent.m in Sources */ = {isa = PBXBuildFile; fileRef = 357675D81089D2400042806B /* LAEvent.m */; };
		357675E21089D2400042806B /* LAEventDatabase.m in Sources */ = {isa = PBXBuildFile; fileRef = 357675DA1089D2400042806B /* LAEventDatabase.m */; };
		357675E31089D2400042806B /* LAEventDetailViewController.m in Sources */ = {isa = PBXBuildFile; fileRef = 357675DC1089D2400042806B /* LAEventDetailViewController.m */; };
		357675E41089D2400042806B /* LAEventsTableViewController.m in Sources */ = {isa = PBXBuildFile; fileRef = 357675DE1089D2400042806B /* LAEventsTableViewController.m */; };
		357675E51089D2400042806B /* LAEventsXMLParser.m in Sources */ = {isa = PBXBuildFile; fileRef = 357675E01089D2400042806B /* LAEventsXMLParser.m */; };
		35A443D110DB5F6000DA30A3 /* libxml2.2.dylib in Frameworks */ = {isa = PBXBuildFile; fileRef = 35A443D010DB5F6000DA30A3 /* libxml2.2.dylib */; };
		35A443FC10DB5FF600DA30A3 /* CoreFoundation.framework in Frameworks */ = {isa = PBXBuildFile; fileRef = 35A443FB10DB5FF600DA30A3 /* CoreFoundation.framework */; };
		35A444AE10DC2ACC00DA30A3 /* NSDate+Between.m in Sources */ = {isa = PBXBuildFile; fileRef = 35A444AD10DC2ACC00DA30A3 /* NSDate+Between.m */; };
		35A444C010DC2FEC00DA30A3 /* LAUpcomingEventsTableViewController.m in Sources */ = {isa = PBXBuildFile; fileRef = 35A444BE10DC2FEC00DA30A3 /* LAUpcomingEventsTableViewController.m */; };
		35A444C110DC2FEC00DA30A3 /* LAUpcomingEventsTableViewController.xib in Resources */ = {isa = PBXBuildFile; fileRef = 35A444BF10DC2FEC00DA30A3 /* LAUpcomingEventsTableViewController.xib */; };
		35D23B81106F87C3003D9E0A /* descriptionPage.css in Resources */ = {isa = PBXBuildFile; fileRef = 35D23B80106F87C3003D9E0A /* descriptionPage.css */; };
		75088934166E3E0700810759 /* LAHeaderView.m in Sources */ = {isa = PBXBuildFile; fileRef = 75088933166E3E0700810759 /* LAHeaderView.m */; };
		7508893E166E431E00810759 /* QuartzCore.framework in Frameworks */ = {isa = PBXBuildFile; fileRef = 7508893D166E431E00810759 /* QuartzCore.framework */; };
		751CE8E11698D13200D39A64 /* Icon.png in Resources */ = {isa = PBXBuildFile; fileRef = 751CE8DF1698D13200D39A64 /* Icon.png */; };
		751CE8E21698D13200D39A64 /* Icon@2x.png in Resources */ = {isa = PBXBuildFile; fileRef = 751CE8E01698D13200D39A64 /* Icon@2x.png */; };
		751CE8E51698D67400D39A64 /* Icon-Small.png in Resources */ = {isa = PBXBuildFile; fileRef = 751CE8E31698D67400D39A64 /* Icon-Small.png */; };
		751CE8E61698D67400D39A64 /* Icon-Small@2x.png in Resources */ = {isa = PBXBuildFile; fileRef = 751CE8E41698D67400D39A64 /* Icon-Small@2x.png */; };
		751CE8E91698D72000D39A64 /* Icon-Small-50.png in Resources */ = {isa = PBXBuildFile; fileRef = 751CE8E71698D72000D39A64 /* Icon-Small-50.png */; };
		751CE8EA1698D72000D39A64 /* Icon-Small-50@2x.png in Resources */ = {isa = PBXBuildFile; fileRef = 751CE8E81698D72000D39A64 /* Icon-Small-50@2x.png */; };
		751CE8ED1698D73500D39A64 /* Icon-72.png in Resources */ = {isa = PBXBuildFile; fileRef = 751CE8EB1698D73500D39A64 /* Icon-72.png */; };
		751CE8EE1698D73500D39A64 /* Icon-72@2x.png in Resources */ = {isa = PBXBuildFile; fileRef = 751CE8EC1698D73500D39A64 /* Icon-72@2x.png */; };
		7587A832168A92FD0099BCBC /* LAEventsListTableViewController.m in Sources */ = {isa = PBXBuildFile; fileRef = 7587A830168A92FD0099BCBC /* LAEventsListTableViewController.m */; };
		7587A833168A92FD0099BCBC /* LAEventsListTableViewController.xib in Resources */ = {isa = PBXBuildFile; fileRef = 7587A831168A92FD0099BCBC /* LAEventsListTableViewController.xib */; };
		7587A837168A963B0099BCBC /* LAEventCollection.m in Sources */ = {isa = PBXBuildFile; fileRef = 7587A836168A963A0099BCBC /* LAEventCollection.m */; };
		75E54BDE1694AB7600E9593D /* clock.png in Resources */ = {isa = PBXBuildFile; fileRef = 75E54BD61694AB7600E9593D /* clock.png */; };
		75E54BDF1694AB7600E9593D /* clock@2x.png in Resources */ = {isa = PBXBuildFile; fileRef = 75E54BD71694AB7600E9593D /* clock@2x.png */; };
		75E54BE41694AB7600E9593D /* tracks.png in Resources */ = {isa = PBXBuildFile; fileRef = 75E54BDC1694AB7600E9593D /* tracks.png */; };
		75E54BE51694AB7600E9593D /* tracks@2x.png in Resources */ = {isa = PBXBuildFile; fileRef = 75E54BDD1694AB7600E9593D /* tracks@2x.png */; };
		75E54BEA1694AC9800E9593D /* starOff.png in Resources */ = {isa = PBXBuildFile; fileRef = 75E54BE61694AC9700E9593D /* starOff.png */; };
		75E54BEB1694AC9800E9593D /* starOff@2x.png in Resources */ = {isa = PBXBuildFile; fileRef = 75E54BE71694AC9700E9593D /* starOff@2x.png */; };
		75E54BEC1694AC9800E9593D /* starOn.png in Resources */ = {isa = PBXBuildFile; fileRef = 75E54BE81694AC9800E9593D /* starOn.png */; };
		75E54BED1694AC9800E9593D /* starOn@2x.png in Resources */ = {isa = PBXBuildFile; fileRef = 75E54BE91694AC9800E9593D /* starOn@2x.png */; };
		75E54BF21694C72A00E9593D /* Default.png in Resources */ = {isa = PBXBuildFile; fileRef = 75E54BEF1694C72700E9593D /* Default.png */; };
		75E54BF31694C72A00E9593D /* Default@2x.png in Resources */ = {isa = PBXBuildFile; fileRef = 75E54BF01694C72800E9593D /* Default@2x.png */; };
		75E54BF91694CE9F00E9593D /* Default-568h@2x.png in Resources */ = {isa = PBXBuildFile; fileRef = 75E54BF81694CE9F00E9593D /* Default-568h@2x.png */; };
/* End PBXBuildFile section */

/* Begin PBXFileReference section */
		1D30AB110D05D00D00671497 /* Foundation.framework */ = {isa = PBXFileReference; lastKnownFileType = wrapper.framework; name = Foundation.framework; path = System/Library/Frameworks/Foundation.framework; sourceTree = SDKROOT; };
		1D3623240D0F684500981E51 /* fosdemAppDelegate.h */ = {isa = PBXFileReference; fileEncoding = 4; lastKnownFileType = sourcecode.c.h; path = fosdemAppDelegate.h; sourceTree = "<group>"; };
		1D3623250D0F684500981E51 /* fosdemAppDelegate.m */ = {isa = PBXFileReference; fileEncoding = 4; lastKnownFileType = sourcecode.c.objc; path = fosdemAppDelegate.m; sourceTree = "<group>"; };
		1D6058910D05DD3D006BFB54 /* fosdem.app */ = {isa = PBXFileReference; explicitFileType = wrapper.application; includeInIndex = 0; path = fosdem.app; sourceTree = BUILT_PRODUCTS_DIR; };
		1DF5F4DF0D08C38300B7A737 /* UIKit.framework */ = {isa = PBXFileReference; lastKnownFileType = wrapper.framework; name = UIKit.framework; path = System/Library/Frameworks/UIKit.framework; sourceTree = SDKROOT; };
		233CA63510A478A800D84609 /* TODO */ = {isa = PBXFileReference; fileEncoding = 4; lastKnownFileType = text; path = TODO; sourceTree = "<group>"; };
		2348FD6310DE93C900021671 /* LADownload.h */ = {isa = PBXFileReference; fileEncoding = 4; lastKnownFileType = sourcecode.c.h; name = LADownload.h; path = ../LADownload.h; sourceTree = "<group>"; };
		2348FD6410DE93C900021671 /* LADownload.m */ = {isa = PBXFileReference; fileEncoding = 4; lastKnownFileType = sourcecode.c.objc; name = LADownload.m; path = ../LADownload.m; sourceTree = "<group>"; };
		2377DBC610BECE68008FDE65 /* fosdem_schedule.xcal */ = {isa = PBXFileReference; fileEncoding = 4; lastKnownFileType = text.xml; path = fosdem_schedule.xcal; sourceTree = "<group>"; };
		237FF50910E2B36700DA34A8 /* AW1.105.png */ = {isa = PBXFileReference; lastKnownFileType = image.png; path = AW1.105.png; sourceTree = "<group>"; };
		237FF50A10E2B36700DA34A8 /* AW1.117.png */ = {isa = PBXFileReference; lastKnownFileType = image.png; path = AW1.117.png; sourceTree = "<group>"; };
		237FF50B10E2B36700DA34A8 /* AW1.120.png */ = {isa = PBXFileReference; lastKnownFileType = image.png; path = AW1.120.png; sourceTree = "<group>"; };
		237FF50C10E2B36700DA34A8 /* AW1.121.png */ = {isa = PBXFileReference; lastKnownFileType = image.png; path = AW1.121.png; sourceTree = "<group>"; };
		237FF50D10E2B36700DA34A8 /* AW1.124.png */ = {isa = PBXFileReference; lastKnownFileType = image.png; path = AW1.124.png; sourceTree = "<group>"; };
		237FF50E10E2B36700DA34A8 /* AW1.125.png */ = {isa = PBXFileReference; lastKnownFileType = image.png; path = AW1.125.png; sourceTree = "<group>"; };
		237FF50F10E2B36700DA34A8 /* AW1.126.png */ = {isa = PBXFileReference; lastKnownFileType = image.png; path = AW1.126.png; sourceTree = "<group>"; };
		237FF51010E2B36700DA34A8 /* Chavanne.png */ = {isa = PBXFileReference; lastKnownFileType = image.png; path = Chavanne.png; sourceTree = "<group>"; };
		237FF51110E2B36700DA34A8 /* Ferrer.png */ = {isa = PBXFileReference; lastKnownFileType = image.png; path = Ferrer.png; sourceTree = "<group>"; };
		237FF51210E2B36700DA34A8 /* H.1301.png */ = {isa = PBXFileReference; lastKnownFileType = image.png; path = H.1301.png; sourceTree = "<group>"; };
		237FF51310E2B36700DA34A8 /* H.1302.png */ = {isa = PBXFileReference; lastKnownFileType = image.png; path = H.1302.png; sourceTree = "<group>"; };
		237FF51410E2B36700DA34A8 /* H.1308.png */ = {isa = PBXFileReference; lastKnownFileType = image.png; path = H.1308.png; sourceTree = "<group>"; };
		237FF51510E2B36700DA34A8 /* H.1309.png */ = {isa = PBXFileReference; lastKnownFileType = image.png; path = H.1309.png; sourceTree = "<group>"; };
		237FF51610E2B36700DA34A8 /* H.2213.png */ = {isa = PBXFileReference; lastKnownFileType = image.png; path = H.2213.png; sourceTree = "<group>"; };
		237FF51710E2B36700DA34A8 /* H.2214.png */ = {isa = PBXFileReference; lastKnownFileType = image.png; path = H.2214.png; sourceTree = "<group>"; };
		237FF51810E2B36700DA34A8 /* Janson.png */ = {isa = PBXFileReference; lastKnownFileType = image.png; path = Janson.png; sourceTree = "<group>"; };
		237FF51910E2B36700DA34A8 /* Lameere.png */ = {isa = PBXFileReference; lastKnownFileType = image.png; path = Lameere.png; sourceTree = "<group>"; };
		237FF51A10E2B36700DA34A8 /* UA2.114.png */ = {isa = PBXFileReference; lastKnownFileType = image.png; path = UA2.114.png; sourceTree = "<group>"; };
		23F7D4AF10FF40C400CCDAA1 /* LAEventTableViewCell.h */ = {isa = PBXFileReference; fileEncoding = 4; lastKnownFileType = sourcecode.c.h; path = LAEventTableViewCell.h; sourceTree = "<group>"; };
		23F7D4B010FF40C400CCDAA1 /* LAEventTableViewCell.m */ = {isa = PBXFileReference; fileEncoding = 4; lastKnownFileType = sourcecode.c.objc; path = LAEventTableViewCell.m; sourceTree = "<group>"; };
		23F7D4BC10FF414700CCDAA1 /* LAEventTableViewCell.xib */ = {isa = PBXFileReference; lastKnownFileType = file.xib; path = LAEventTableViewCell.xib; sourceTree = "<group>"; };
		23F864A110A2C451000B39DA /* LATracksTableViewController.h */ = {isa = PBXFileReference; fileEncoding = 4; lastKnownFileType = sourcecode.c.h; path = LATracksTableViewController.h; sourceTree = "<group>"; };
		23F864A210A2C451000B39DA /* LATracksTableViewController.m */ = {isa = PBXFileReference; fileEncoding = 4; lastKnownFileType = sourcecode.c.objc; path = LATracksTableViewController.m; sourceTree = "<group>"; };
		288765070DF74369002DB57D /* CoreGraphics.framework */ = {isa = PBXFileReference; lastKnownFileType = wrapper.framework; name = CoreGraphics.framework; path = System/Library/Frameworks/CoreGraphics.framework; sourceTree = SDKROOT; };
		28A0AB4B0D9B1048005BE974 /* fosdem_Prefix.pch */ = {isa = PBXFileReference; fileEncoding = 4; lastKnownFileType = sourcecode.c.h; path = fosdem_Prefix.pch; sourceTree = "<group>"; };
		28AD73870D9D96C1002E5188 /* MainWindow.xib */ = {isa = PBXFileReference; lastKnownFileType = file.xib; path = MainWindow.xib; sourceTree = "<group>"; };
		29B97316FDCFA39411CA2CEA /* main.m */ = {isa = PBXFileReference; fileEncoding = 4; lastKnownFileType = sourcecode.c.objc; path = main.m; sourceTree = "<group>"; };
		3525421B10BC4D66007D9C6B /* LAEventDetailViewController.xib */ = {isa = PBXFileReference; lastKnownFileType = file.xib; path = LAEventDetailViewController.xib; sourceTree = "<group>"; };
		3525421C10BC4D66007D9C6B /* LATracksTableViewController.xib */ = {isa = PBXFileReference; lastKnownFileType = file.xib; path = LATracksTableViewController.xib; sourceTree = "<group>"; };
		3525422110BC4DA5007D9C6B /* LAStarredTableViewController.xib */ = {isa = PBXFileReference; lastKnownFileType = file.xib; path = LAStarredTableViewController.xib; sourceTree = "<group>"; };
		3525422710BC4DD5007D9C6B /* LAStarredTableViewController.h */ = {isa = PBXFileReference; fileEncoding = 4; lastKnownFileType = sourcecode.c.h; path = LAStarredTableViewController.h; sourceTree = "<group>"; };
		3525422810BC4DD5007D9C6B /* LAStarredTableViewController.m */ = {isa = PBXFileReference; fileEncoding = 4; lastKnownFileType = sourcecode.c.objc; path = LAStarredTableViewController.m; sourceTree = "<group>"; };
		3525448F10BC7ED0007D9C6B /* template.html */ = {isa = PBXFileReference; fileEncoding = 4; lastKnownFileType = text.html; path = template.html; sourceTree = "<group>"; };
		3540AE1210F4A5DC00B0BF70 /* LICENSE */ = {isa = PBXFileReference; fileEncoding = 4; lastKnownFileType = text; path = LICENSE; sourceTree = "<group>"; };
		357675D31089D2310042806B /* LAEventsTableViewController.xib */ = {isa = PBXFileReference; lastKnownFileType = file.xib; path = LAEventsTableViewController.xib; sourceTree = "<group>"; };
		357675D71089D2400042806B /* LAEvent.h */ = {isa = PBXFileReference; fileEncoding = 4; lastKnownFileType = sourcecode.c.h; path = LAEvent.h; sourceTree = "<group>"; };
		357675D81089D2400042806B /* LAEvent.m */ = {isa = PBXFileReference; fileEncoding = 4; lastKnownFileType = sourcecode.c.objc; path = LAEvent.m; sourceTree = "<group>"; };
		357675D91089D2400042806B /* LAEventDatabase.h */ = {isa = PBXFileReference; fileEncoding = 4; lastKnownFileType = sourcecode.c.h; path = LAEventDatabase.h; sourceTree = "<group>"; };
		357675DA1089D2400042806B /* LAEventDatabase.m */ = {isa = PBXFileReference; fileEncoding = 4; lastKnownFileType = sourcecode.c.objc; path = LAEventDatabase.m; sourceTree = "<group>"; };
		357675DB1089D2400042806B /* LAEventDetailViewController.h */ = {isa = PBXFileReference; fileEncoding = 4; lastKnownFileType = sourcecode.c.h; path = LAEventDetailViewController.h; sourceTree = "<group>"; };
		357675DC1089D2400042806B /* LAEventDetailViewController.m */ = {isa = PBXFileReference; fileEncoding = 4; lastKnownFileType = sourcecode.c.objc; path = LAEventDetailViewController.m; sourceTree = "<group>"; };
		357675DD1089D2400042806B /* LAEventsTableViewController.h */ = {isa = PBXFileReference; fileEncoding = 4; lastKnownFileType = sourcecode.c.h; path = LAEventsTableViewController.h; sourceTree = "<group>"; };
		357675DE1089D2400042806B /* LAEventsTableViewController.m */ = {isa = PBXFileReference; fileEncoding = 4; lastKnownFileType = sourcecode.c.objc; path = LAEventsTableViewController.m; sourceTree = "<group>"; };
		357675DF1089D2400042806B /* LAEventsXMLParser.h */ = {isa = PBXFileReference; fileEncoding = 4; lastKnownFileType = sourcecode.c.h; path = LAEventsXMLParser.h; sourceTree = "<group>"; };
		357675E01089D2400042806B /* LAEventsXMLParser.m */ = {isa = PBXFileReference; fileEncoding = 4; lastKnownFileType = sourcecode.c.objc; path = LAEventsXMLParser.m; sourceTree = "<group>"; };
		35A443D010DB5F6000DA30A3 /* libxml2.2.dylib */ = {isa = PBXFileReference; lastKnownFileType = "compiled.mach-o.dylib"; name = libxml2.2.dylib; path = usr/lib/libxml2.2.dylib; sourceTree = SDKROOT; };
		35A443FB10DB5FF600DA30A3 /* CoreFoundation.framework */ = {isa = PBXFileReference; lastKnownFileType = wrapper.framework; name = CoreFoundation.framework; path = System/Library/Frameworks/CoreFoundation.framework; sourceTree = SDKROOT; };
		35A444AC10DC2ACC00DA30A3 /* NSDate+Between.h */ = {isa = PBXFileReference; fileEncoding = 4; lastKnownFileType = sourcecode.c.h; path = "NSDate+Between.h"; sourceTree = "<group>"; };
		35A444AD10DC2ACC00DA30A3 /* NSDate+Between.m */ = {isa = PBXFileReference; fileEncoding = 4; lastKnownFileType = sourcecode.c.objc; path = "NSDate+Between.m"; sourceTree = "<group>"; };
		35A444BD10DC2FEC00DA30A3 /* LAUpcomingEventsTableViewController.h */ = {isa = PBXFileReference; fileEncoding = 4; lastKnownFileType = sourcecode.c.h; name = LAUpcomingEventsTableViewController.h; path = ../LAUpcomingEventsTableViewController.h; sourceTree = "<group>"; };
		35A444BE10DC2FEC00DA30A3 /* LAUpcomingEventsTableViewController.m */ = {isa = PBXFileReference; fileEncoding = 4; lastKnownFileType = sourcecode.c.objc; name = LAUpcomingEventsTableViewController.m; path = ../LAUpcomingEventsTableViewController.m; sourceTree = "<group>"; };
		35A444BF10DC2FEC00DA30A3 /* LAUpcomingEventsTableViewController.xib */ = {isa = PBXFileReference; lastKnownFileType = file.xib; path = LAUpcomingEventsTableViewController.xib; sourceTree = "<group>"; };
		35D23B80106F87C3003D9E0A /* descriptionPage.css */ = {isa = PBXFileReference; fileEncoding = 4; lastKnownFileType = text.css; path = descriptionPage.css; sourceTree = "<group>"; };
		75088932166E3E0700810759 /* LAHeaderView.h */ = {isa = PBXFileReference; fileEncoding = 4; lastKnownFileType = sourcecode.c.h; path = LAHeaderView.h; sourceTree = "<group>"; };
		75088933166E3E0700810759 /* LAHeaderView.m */ = {isa = PBXFileReference; fileEncoding = 4; lastKnownFileType = sourcecode.c.objc; path = LAHeaderView.m; sourceTree = "<group>"; };
		7508893D166E431E00810759 /* QuartzCore.framework */ = {isa = PBXFileReference; lastKnownFileType = wrapper.framework; name = QuartzCore.framework; path = System/Library/Frameworks/QuartzCore.framework; sourceTree = SDKROOT; };
		751CE8DF1698D13200D39A64 /* Icon.png */ = {isa = PBXFileReference; lastKnownFileType = image.png; path = Icon.png; sourceTree = "<group>"; };
		751CE8E01698D13200D39A64 /* Icon@2x.png */ = {isa = PBXFileReference; lastKnownFileType = image.png; path = "Icon@2x.png"; sourceTree = "<group>"; };
		751CE8E31698D67400D39A64 /* Icon-Small.png */ = {isa = PBXFileReference; lastKnownFileType = image.png; path = "Icon-Small.png"; sourceTree = "<group>"; };
		751CE8E41698D67400D39A64 /* Icon-Small@2x.png */ = {isa = PBXFileReference; lastKnownFileType = image.png; path = "Icon-Small@2x.png"; sourceTree = "<group>"; };
		751CE8E71698D72000D39A64 /* Icon-Small-50.png */ = {isa = PBXFileReference; lastKnownFileType = image.png; path = "Icon-Small-50.png"; sourceTree = "<group>"; };
		751CE8E81698D72000D39A64 /* Icon-Small-50@2x.png */ = {isa = PBXFileReference; lastKnownFileType = image.png; path = "Icon-Small-50@2x.png"; sourceTree = "<group>"; };
		751CE8EB1698D73500D39A64 /* Icon-72.png */ = {isa = PBXFileReference; lastKnownFileType = image.png; path = "Icon-72.png"; sourceTree = "<group>"; };
		751CE8EC1698D73500D39A64 /* Icon-72@2x.png */ = {isa = PBXFileReference; lastKnownFileType = image.png; path = "Icon-72@2x.png"; sourceTree = "<group>"; };
		7587A82F168A92FD0099BCBC /* LAEventsListTableViewController.h */ = {isa = PBXFileReference; fileEncoding = 4; lastKnownFileType = sourcecode.c.h; path = LAEventsListTableViewController.h; sourceTree = "<group>"; };
		7587A830168A92FD0099BCBC /* LAEventsListTableViewController.m */ = {isa = PBXFileReference; fileEncoding = 4; lastKnownFileType = sourcecode.c.objc; path = LAEventsListTableViewController.m; sourceTree = "<group>"; };
		7587A831168A92FD0099BCBC /* LAEventsListTableViewController.xib */ = {isa = PBXFileReference; fileEncoding = 4; lastKnownFileType = file.xib; name = LAEventsListTableViewController.xib; path = Classes/LAEventsListTableViewController.xib; sourceTree = "<group>"; };
		7587A835168A963A0099BCBC /* LAEventCollection.h */ = {isa = PBXFileReference; fileEncoding = 4; lastKnownFileType = sourcecode.c.h; path = LAEventCollection.h; sourceTree = "<group>"; };
		7587A836168A963A0099BCBC /* LAEventCollection.m */ = {isa = PBXFileReference; fileEncoding = 4; lastKnownFileType = sourcecode.c.objc; path = LAEventCollection.m; sourceTree = "<group>"; };
		75E54BD61694AB7600E9593D /* clock.png */ = {isa = PBXFileReference; lastKnownFileType = image.png; path = clock.png; sourceTree = "<group>"; };
		75E54BD71694AB7600E9593D /* clock@2x.png */ = {isa = PBXFileReference; lastKnownFileType = image.png; path = "clock@2x.png"; sourceTree = "<group>"; };
		75E54BDC1694AB7600E9593D /* tracks.png */ = {isa = PBXFileReference; lastKnownFileType = image.png; path = tracks.png; sourceTree = "<group>"; };
		75E54BDD1694AB7600E9593D /* tracks@2x.png */ = {isa = PBXFileReference; lastKnownFileType = image.png; path = "tracks@2x.png"; sourceTree = "<group>"; };
		75E54BE61694AC9700E9593D /* starOff.png */ = {isa = PBXFileReference; lastKnownFileType = image.png; path = starOff.png; sourceTree = "<group>"; };
		75E54BE71694AC9700E9593D /* starOff@2x.png */ = {isa = PBXFileReference; lastKnownFileType = image.png; path = "starOff@2x.png"; sourceTree = "<group>"; };
		75E54BE81694AC9800E9593D /* starOn.png */ = {isa = PBXFileReference; lastKnownFileType = image.png; path = starOn.png; sourceTree = "<group>"; };
		75E54BE91694AC9800E9593D /* starOn@2x.png */ = {isa = PBXFileReference; lastKnownFileType = image.png; path = "starOn@2x.png"; sourceTree = "<group>"; };
		75E54BEF1694C72700E9593D /* Default.png */ = {isa = PBXFileReference; lastKnownFileType = image.png; path = Default.png; sourceTree = "<group>"; };
		75E54BF01694C72800E9593D /* Default@2x.png */ = {isa = PBXFileReference; lastKnownFileType = image.png; path = "Default@2x.png"; sourceTree = "<group>"; };
		75E54BF81694CE9F00E9593D /* Default-568h@2x.png */ = {isa = PBXFileReference; lastKnownFileType = image.png; path = "Default-568h@2x.png"; sourceTree = "<group>"; };
		8D1107310486CEB800E47090 /* fosdem-Info.plist */ = {isa = PBXFileReference; fileEncoding = 4; lastKnownFileType = text.plist.xml; path = "fosdem-Info.plist"; plistStructureDefinitionIdentifier = "com.apple.xcode.plist.structure-definition.iphone.info-plist"; sourceTree = "<group>"; };
/* End PBXFileReference section */

/* Begin PBXFrameworksBuildPhase section */
		1D60588F0D05DD3D006BFB54 /* Frameworks */ = {
			isa = PBXFrameworksBuildPhase;
			buildActionMask = 2147483647;
			files = (
				7508893E166E431E00810759 /* QuartzCore.framework in Frameworks */,
				1D60589F0D05DD5A006BFB54 /* Foundation.framework in Frameworks */,
				1DF5F4E00D08C38300B7A737 /* UIKit.framework in Frameworks */,
				288765080DF74369002DB57D /* CoreGraphics.framework in Frameworks */,
				35A443D110DB5F6000DA30A3 /* libxml2.2.dylib in Frameworks */,
				35A443FC10DB5FF600DA30A3 /* CoreFoundation.framework in Frameworks */,
			);
			runOnlyForDeploymentPostprocessing = 0;
		};
/* End PBXFrameworksBuildPhase section */

/* Begin PBXGroup section */
		080E96DDFE201D6D7F000001 /* Classes */ = {
			isa = PBXGroup;
			children = (
				2348FD6310DE93C900021671 /* LADownload.h */,
				2348FD6410DE93C900021671 /* LADownload.m */,
				357675D71089D2400042806B /* LAEvent.h */,
				357675D81089D2400042806B /* LAEvent.m */,
				7587A835168A963A0099BCBC /* LAEventCollection.h */,
				7587A836168A963A0099BCBC /* LAEventCollection.m */,
				357675D91089D2400042806B /* LAEventDatabase.h */,
				357675DA1089D2400042806B /* LAEventDatabase.m */,
				75088932166E3E0700810759 /* LAHeaderView.h */,
				75088933166E3E0700810759 /* LAHeaderView.m */,
				357675DB1089D2400042806B /* LAEventDetailViewController.h */,
				357675DC1089D2400042806B /* LAEventDetailViewController.m */,
				7587A82F168A92FD0099BCBC /* LAEventsListTableViewController.h */,
				7587A830168A92FD0099BCBC /* LAEventsListTableViewController.m */,
				357675DD1089D2400042806B /* LAEventsTableViewController.h */,
				357675DE1089D2400042806B /* LAEventsTableViewController.m */,
				23F864A110A2C451000B39DA /* LATracksTableViewController.h */,
				23F864A210A2C451000B39DA /* LATracksTableViewController.m */,
				357675DF1089D2400042806B /* LAEventsXMLParser.h */,
				357675E01089D2400042806B /* LAEventsXMLParser.m */,
				1D3623240D0F684500981E51 /* fosdemAppDelegate.h */,
				1D3623250D0F684500981E51 /* fosdemAppDelegate.m */,
				3525422710BC4DD5007D9C6B /* LAStarredTableViewController.h */,
				3525422810BC4DD5007D9C6B /* LAStarredTableViewController.m */,
				35A444BD10DC2FEC00DA30A3 /* LAUpcomingEventsTableViewController.h */,
				35A444BE10DC2FEC00DA30A3 /* LAUpcomingEventsTableViewController.m */,
				23F7D4AF10FF40C400CCDAA1 /* LAEventTableViewCell.h */,
				23F7D4B010FF40C400CCDAA1 /* LAEventTableViewCell.m */,
				35A444AC10DC2ACC00DA30A3 /* NSDate+Between.h */,
				35A444AD10DC2ACC00DA30A3 /* NSDate+Between.m */,
			);
			path = Classes;
			sourceTree = "<group>";
		};
		19C28FACFE9D520D11CA2CBB /* Products */ = {
			isa = PBXGroup;
			children = (
				1D6058910D05DD3D006BFB54 /* fosdem.app */,
			);
			name = Products;
			sourceTree = "<group>";
		};
		237FF50810E2B36700DA34A8 /* maps */ = {
			isa = PBXGroup;
			children = (
				237FF50910E2B36700DA34A8 /* AW1.105.png */,
				237FF50A10E2B36700DA34A8 /* AW1.117.png */,
				237FF50B10E2B36700DA34A8 /* AW1.120.png */,
				237FF50C10E2B36700DA34A8 /* AW1.121.png */,
				237FF50D10E2B36700DA34A8 /* AW1.124.png */,
				237FF50E10E2B36700DA34A8 /* AW1.125.png */,
				237FF50F10E2B36700DA34A8 /* AW1.126.png */,
				237FF51010E2B36700DA34A8 /* Chavanne.png */,
				237FF51110E2B36700DA34A8 /* Ferrer.png */,
				237FF51210E2B36700DA34A8 /* H.1301.png */,
				237FF51310E2B36700DA34A8 /* H.1302.png */,
				237FF51410E2B36700DA34A8 /* H.1308.png */,
				237FF51510E2B36700DA34A8 /* H.1309.png */,
				237FF51610E2B36700DA34A8 /* H.2213.png */,
				237FF51710E2B36700DA34A8 /* H.2214.png */,
				237FF51810E2B36700DA34A8 /* Janson.png */,
				237FF51910E2B36700DA34A8 /* Lameere.png */,
				237FF51A10E2B36700DA34A8 /* UA2.114.png */,
			);
			includeInIndex = 1;
			path = maps;
			sourceTree = "<group>";
		};
		29B97314FDCFA39411CA2CEA /* fosdem */ = {
			isa = PBXGroup;
			children = (
				080E96DDFE201D6D7F000001 /* Classes */,
				29B97315FDCFA39411CA2CEA /* Other Sources */,
				29B97317FDCFA39411CA2CEA /* Resources */,
				29B97323FDCFA39411CA2CEA /* Frameworks */,
				19C28FACFE9D520D11CA2CBB /* Products */,
			);
			name = fosdem;
			sourceTree = "<group>";
		};
		29B97315FDCFA39411CA2CEA /* Other Sources */ = {
			isa = PBXGroup;
			children = (
				28A0AB4B0D9B1048005BE974 /* fosdem_Prefix.pch */,
				29B97316FDCFA39411CA2CEA /* main.m */,
			);
			name = "Other Sources";
			sourceTree = "<group>";
		};
		29B97317FDCFA39411CA2CEA /* Resources */ = {
			isa = PBXGroup;
			children = (
				75E54BF41694C73000E9593D /* Images */,
				3525448F10BC7ED0007D9C6B /* template.html */,
				3525422110BC4DA5007D9C6B /* LAStarredTableViewController.xib */,
				3525421B10BC4D66007D9C6B /* LAEventDetailViewController.xib */,
				3525421C10BC4D66007D9C6B /* LATracksTableViewController.xib */,
				2377DBC610BECE68008FDE65 /* fosdem_schedule.xcal */,
				357675D31089D2310042806B /* LAEventsTableViewController.xib */,
				7587A831168A92FD0099BCBC /* LAEventsListTableViewController.xib */,
				35D23B80106F87C3003D9E0A /* descriptionPage.css */,
				28AD73870D9D96C1002E5188 /* MainWindow.xib */,
				8D1107310486CEB800E47090 /* fosdem-Info.plist */,
				233CA63510A478A800D84609 /* TODO */,
				35A444BF10DC2FEC00DA30A3 /* LAUpcomingEventsTableViewController.xib */,
				3540AE1210F4A5DC00B0BF70 /* LICENSE */,
				23F7D4BC10FF414700CCDAA1 /* LAEventTableViewCell.xib */,
			);
			name = Resources;
			sourceTree = "<group>";
		};
		29B97323FDCFA39411CA2CEA /* Frameworks */ = {
			isa = PBXGroup;
			children = (
				35A443FB10DB5FF600DA30A3 /* CoreFoundation.framework */,
				7508893D166E431E00810759 /* QuartzCore.framework */,
				1DF5F4DF0D08C38300B7A737 /* UIKit.framework */,
				1D30AB110D05D00D00671497 /* Foundation.framework */,
				288765070DF74369002DB57D /* CoreGraphics.framework */,
				35A443D010DB5F6000DA30A3 /* libxml2.2.dylib */,
			);
			name = Frameworks;
			sourceTree = "<group>";
		};
		75E54BF41694C73000E9593D /* Images */ = {
			isa = PBXGroup;
			children = (
				75E54BFE1694FE3200E9593D /* App Icons */,
				75E54BF71694C77E00E9593D /* Default Screen */,
				237FF50810E2B36700DA34A8 /* maps */,
				75E54BF61694C75600E9593D /* Toolbar Icons */,
				75E54BF51694C73D00E9593D /* Tab Bar Icons */,
			);
			name = Images;
			sourceTree = "<group>";
		};
		75E54BF51694C73D00E9593D /* Tab Bar Icons */ = {
			isa = PBXGroup;
			children = (
				75E54BD61694AB7600E9593D /* clock.png */,
				75E54BD71694AB7600E9593D /* clock@2x.png */,
				75E54BDC1694AB7600E9593D /* tracks.png */,
				75E54BDD1694AB7600E9593D /* tracks@2x.png */,
			);
			name = "Tab Bar Icons";
			sourceTree = "<group>";
		};
		75E54BF61694C75600E9593D /* Toolbar Icons */ = {
			isa = PBXGroup;
			children = (
				75E54BE61694AC9700E9593D /* starOff.png */,
				75E54BE71694AC9700E9593D /* starOff@2x.png */,
				75E54BE81694AC9800E9593D /* starOn.png */,
				75E54BE91694AC9800E9593D /* starOn@2x.png */,
			);
			name = "Toolbar Icons";
			sourceTree = "<group>";
		};
		75E54BF71694C77E00E9593D /* Default Screen */ = {
			isa = PBXGroup;
			children = (
				75E54BEF1694C72700E9593D /* Default.png */,
				75E54BF01694C72800E9593D /* Default@2x.png */,
				75E54BF81694CE9F00E9593D /* Default-568h@2x.png */,
			);
			name = "Default Screen";
			sourceTree = "<group>";
		};
		75E54BFE1694FE3200E9593D /* App Icons */ = {
			isa = PBXGroup;
			children = (
				751CE8DF1698D13200D39A64 /* Icon.png */,
				751CE8E01698D13200D39A64 /* Icon@2x.png */,
				751CE8EB1698D73500D39A64 /* Icon-72.png */,
				751CE8EC1698D73500D39A64 /* Icon-72@2x.png */,
				751CE8E31698D67400D39A64 /* Icon-Small.png */,
				751CE8E41698D67400D39A64 /* Icon-Small@2x.png */,
				751CE8E71698D72000D39A64 /* Icon-Small-50.png */,
				751CE8E81698D72000D39A64 /* Icon-Small-50@2x.png */,
			);
			name = "App Icons";
			sourceTree = "<group>";
		};
/* End PBXGroup section */

/* Begin PBXNativeTarget section */
		1D6058900D05DD3D006BFB54 /* fosdem */ = {
			isa = PBXNativeTarget;
			buildConfigurationList = 1D6058960D05DD3E006BFB54 /* Build configuration list for PBXNativeTarget "fosdem" */;
			buildPhases = (
				1D60588D0D05DD3D006BFB54 /* Resources */,
				1D60588E0D05DD3D006BFB54 /* Sources */,
				1D60588F0D05DD3D006BFB54 /* Frameworks */,
			);
			buildRules = (
			);
			dependencies = (
			);
			name = fosdem;
			productName = fosdem;
			productReference = 1D6058910D05DD3D006BFB54 /* fosdem.app */;
			productType = "com.apple.product-type.application";
		};
/* End PBXNativeTarget section */

/* Begin PBXProject section */
		29B97313FDCFA39411CA2CEA /* Project object */ = {
			isa = PBXProject;
			buildConfigurationList = C01FCF4E08A954540054247B /* Build configuration list for PBXProject "fosdem" */;
			compatibilityVersion = "Xcode 3.1";
			developmentRegion = English;
			hasScannedForEncodings = 1;
			knownRegions = (
				English,
				Japanese,
				French,
				German,
			);
			mainGroup = 29B97314FDCFA39411CA2CEA /* fosdem */;
			projectDirPath = "";
			projectRoot = "";
			targets = (
				1D6058900D05DD3D006BFB54 /* fosdem */,
			);
		};
/* End PBXProject section */

/* Begin PBXResourcesBuildPhase section */
		1D60588D0D05DD3D006BFB54 /* Resources */ = {
			isa = PBXResourcesBuildPhase;
			buildActionMask = 2147483647;
			files = (
				28AD73880D9D96C1002E5188 /* MainWindow.xib in Resources */,
				35D23B81106F87C3003D9E0A /* descriptionPage.css in Resources */,
				357675D61089D2310042806B /* LAEventsTableViewController.xib in Resources */,
				233CA63610A478A800D84609 /* TODO in Resources */,
				3525421D10BC4D66007D9C6B /* LAEventDetailViewController.xib in Resources */,
				3525421E10BC4D66007D9C6B /* LATracksTableViewController.xib in Resources */,
				3525422210BC4DA5007D9C6B /* LAStarredTableViewController.xib in Resources */,
				3525449010BC7ED0007D9C6B /* template.html in Resources */,
				2377DBC710BECE68008FDE65 /* fosdem_schedule.xcal in Resources */,
				35A444C110DC2FEC00DA30A3 /* LAUpcomingEventsTableViewController.xib in Resources */,
				237FF51B10E2B36700DA34A8 /* AW1.105.png in Resources */,
				237FF51C10E2B36700DA34A8 /* AW1.117.png in Resources */,
				237FF51D10E2B36700DA34A8 /* AW1.120.png in Resources */,
				237FF51E10E2B36700DA34A8 /* AW1.121.png in Resources */,
				237FF51F10E2B36700DA34A8 /* AW1.124.png in Resources */,
				237FF52010E2B36700DA34A8 /* AW1.125.png in Resources */,
				237FF52110E2B36700DA34A8 /* AW1.126.png in Resources */,
				237FF52210E2B36700DA34A8 /* Chavanne.png in Resources */,
				237FF52310E2B36700DA34A8 /* Ferrer.png in Resources */,
				237FF52410E2B36700DA34A8 /* H.1301.png in Resources */,
				237FF52510E2B36700DA34A8 /* H.1302.png in Resources */,
				237FF52610E2B36700DA34A8 /* H.1308.png in Resources */,
				237FF52710E2B36700DA34A8 /* H.1309.png in Resources */,
				237FF52810E2B36700DA34A8 /* H.2213.png in Resources */,
				237FF52910E2B36700DA34A8 /* H.2214.png in Resources */,
				237FF52A10E2B36700DA34A8 /* Janson.png in Resources */,
				237FF52B10E2B36700DA34A8 /* Lameere.png in Resources */,
				237FF52C10E2B36700DA34A8 /* UA2.114.png in Resources */,
				3540AE1310F4A5DC00B0BF70 /* LICENSE in Resources */,
				23F7D4BD10FF414700CCDAA1 /* LAEventTableViewCell.xib in Resources */,
				7587A833168A92FD0099BCBC /* LAEventsListTableViewController.xib in Resources */,
				75E54BDE1694AB7600E9593D /* clock.png in Resources */,
				75E54BDF1694AB7600E9593D /* clock@2x.png in Resources */,
				75E54BE41694AB7600E9593D /* tracks.png in Resources */,
				75E54BE51694AB7600E9593D /* tracks@2x.png in Resources */,
				75E54BEA1694AC9800E9593D /* starOff.png in Resources */,
				75E54BEB1694AC9800E9593D /* starOff@2x.png in Resources */,
				75E54BEC1694AC9800E9593D /* starOn.png in Resources */,
				75E54BED1694AC9800E9593D /* starOn@2x.png in Resources */,
				75E54BF21694C72A00E9593D /* Default.png in Resources */,
				75E54BF31694C72A00E9593D /* Default@2x.png in Resources */,
				75E54BF91694CE9F00E9593D /* Default-568h@2x.png in Resources */,
				751CE8E11698D13200D39A64 /* Icon.png in Resources */,
				751CE8E21698D13200D39A64 /* Icon@2x.png in Resources */,
				751CE8E51698D67400D39A64 /* Icon-Small.png in Resources */,
				751CE8E61698D67400D39A64 /* Icon-Small@2x.png in Resources */,
				751CE8E91698D72000D39A64 /* Icon-Small-50.png in Resources */,
				751CE8EA1698D72000D39A64 /* Icon-Small-50@2x.png in Resources */,
				751CE8ED1698D73500D39A64 /* Icon-72.png in Resources */,
				751CE8EE1698D73500D39A64 /* Icon-72@2x.png in Resources */,
			);
			runOnlyForDeploymentPostprocessing = 0;
		};
/* End PBXResourcesBuildPhase section */

/* Begin PBXSourcesBuildPhase section */
		1D60588E0D05DD3D006BFB54 /* Sources */ = {
			isa = PBXSourcesBuildPhase;
			buildActionMask = 2147483647;
			files = (
				1D60589B0D05DD56006BFB54 /* main.m in Sources */,
				1D3623260D0F684500981E51 /* fosdemAppDelegate.m in Sources */,
				357675E11089D2400042806B /* LAEvent.m in Sources */,
				357675E21089D2400042806B /* LAEventDatabase.m in Sources */,
				357675E31089D2400042806B /* LAEventDetailViewController.m in Sources */,
				357675E41089D2400042806B /* LAEventsTableViewController.m in Sources */,
				357675E51089D2400042806B /* LAEventsXMLParser.m in Sources */,
				23F864A410A2C451000B39DA /* LATracksTableViewController.m in Sources */,
				3525422910BC4DD5007D9C6B /* LAStarredTableViewController.m in Sources */,
				35A444AE10DC2ACC00DA30A3 /* NSDate+Between.m in Sources */,
				35A444C010DC2FEC00DA30A3 /* LAUpcomingEventsTableViewController.m in Sources */,
				2348FD6510DE93C900021671 /* LADownload.m in Sources */,
				23F7D4B110FF40C400CCDAA1 /* LAEventTableViewCell.m in Sources */,
				75088934166E3E0700810759 /* LAHeaderView.m in Sources */,
				7587A832168A92FD0099BCBC /* LAEventsListTableViewController.m in Sources */,
				7587A837168A963B0099BCBC /* LAEventCollection.m in Sources */,
			);
			runOnlyForDeploymentPostprocessing = 0;
		};
/* End PBXSourcesBuildPhase section */

/* Begin XCBuildConfiguration section */
		1D6058940D05DD3E006BFB54 /* Debug */ = {
			isa = XCBuildConfiguration;
			buildSettings = {
				ALWAYS_SEARCH_USER_PATHS = NO;
				"CODE_SIGN_IDENTITY[sdk=iphoneos*]" = "iPhone Developer: Adam Ziolkowski (XL23A8S4V7)";
				COPY_PHASE_STRIP = NO;
				GCC_DYNAMIC_NO_PIC = NO;
				GCC_OPTIMIZATION_LEVEL = 0;
				GCC_PRECOMPILE_PREFIX_HEADER = YES;
				GCC_PREFIX_HEADER = fosdem_Prefix.pch;
				INFOPLIST_FILE = "fosdem-Info.plist";
				IPHONEOS_DEPLOYMENT_TARGET = 4.3;
				PRODUCT_NAME = fosdem;
				"PROVISIONING_PROFILE[sdk=iphoneos*]" = "";
			};
			name = Debug;
		};
		1D6058950D05DD3E006BFB54 /* Release */ = {
			isa = XCBuildConfiguration;
			buildSettings = {
				ALWAYS_SEARCH_USER_PATHS = NO;
				COPY_PHASE_STRIP = YES;
				GCC_PRECOMPILE_PREFIX_HEADER = YES;
				GCC_PREFIX_HEADER = fosdem_Prefix.pch;
				INFOPLIST_FILE = "fosdem-Info.plist";
				IPHONEOS_DEPLOYMENT_TARGET = 4.3;
				PRODUCT_NAME = fosdem;
				SDKROOT = iphoneos;
			};
			name = Release;
		};
		231FF6E110F135F2001658B8 /* Distribution */ = {
			isa = XCBuildConfiguration;
			buildSettings = {
				ARCHS = "$(ARCHS_STANDARD_32_BIT)";
				CODE_SIGN_IDENTITY = "iPhone Distribution: INSANELY INTERESTING LTD";
				"CODE_SIGN_IDENTITY[sdk=iphoneos*]" = "iPhone Distribution: Leon Handreke";
				GCC_C_LANGUAGE_STANDARD = c99;
				GCC_WARN_ABOUT_RETURN_TYPE = YES;
				GCC_WARN_UNUSED_VARIABLE = YES;
				IPHONEOS_DEPLOYMENT_TARGET = 4.3;
				PREBINDING = NO;
				PROVISIONING_PROFILE = "E90FA04F-4662-46B7-8573-8F533D117B01";
				"PROVISIONING_PROFILE[sdk=iphoneos*]" = "94064858-A3F7-4998-8FFB-445B3AA3B77A";
				SDKROOT = iphoneos4.0;
			};
			name = Distribution;
		};
		231FF6E210F135F2001658B8 /* Distribution */ = {
			isa = XCBuildConfiguration;
			buildSettings = {
				ALWAYS_SEARCH_USER_PATHS = NO;
				CODE_SIGN_IDENTITY = "iPhone Distribution: INSANELY INTERESTING LTD";
				"CODE_SIGN_IDENTITY[sdk=iphoneos*]" = "iPhone Distribution: INSANELY INTERESTING LTD";
				COPY_PHASE_STRIP = YES;
				GCC_PRECOMPILE_PREFIX_HEADER = YES;
				GCC_PREFIX_HEADER = fosdem_Prefix.pch;
				INFOPLIST_FILE = "fosdem-Info.plist";
				IPHONEOS_DEPLOYMENT_TARGET = 4.3;
				PRODUCT_NAME = fosdem;
				PROVISIONING_PROFILE = "E90FA04F-4662-46B7-8573-8F533D117B01";
				"PROVISIONING_PROFILE[sdk=iphoneos*]" = "";
				SDKROOT = iphoneos;
			};
			name = Distribution;
		};
		C01FCF4F08A954540054247B /* Debug */ = {
			isa = XCBuildConfiguration;
			buildSettings = {
				ARCHS = "$(ARCHS_STANDARD_32_BIT)";
				"CODE_SIGN_IDENTITY[sdk=iphoneos*]" = "iPhone Developer: Leon Handreke (RMQP5WGZ97)";
				GCC_C_LANGUAGE_STANDARD = c99;
				GCC_WARN_ABOUT_RETURN_TYPE = YES;
				GCC_WARN_UNUSED_VARIABLE = YES;
				HEADER_SEARCH_PATHS = "/usr/include/libxml2/**";
				IPHONEOS_DEPLOYMENT_TARGET = 4.3;
				PREBINDING = NO;
				"PROVISIONING_PROFILE[sdk=iphoneos*]" = "63F5AB9E-F5F8-45C9-B0AC-9A6E7A475EB8";
				SDKROOT = iphoneos;
			};
			name = Debug;
		};
		C01FCF5008A954540054247B /* Release */ = {
			isa = XCBuildConfiguration;
			buildSettings = {
				ARCHS = "$(ARCHS_STANDARD_32_BIT)";
				"CODE_SIGN_IDENTITY[sdk=iphoneos*]" = "iPhone Developer";
				GCC_C_LANGUAGE_STANDARD = c99;
				GCC_WARN_ABOUT_RETURN_TYPE = YES;
				GCC_WARN_UNUSED_VARIABLE = YES;
				IPHONEOS_DEPLOYMENT_TARGET = 4.3;
				PREBINDING = NO;
				SDKROOT = iphoneos4.0;
			};
			name = Release;
		};
/* End XCBuildConfiguration section */

/* Begin XCConfigurationList section */
		1D6058960D05DD3E006BFB54 /* Build configuration list for PBXNativeTarget "fosdem" */ = {
			isa = XCConfigurationList;
			buildConfigurations = (
				1D6058940D05DD3E006BFB54 /* Debug */,
				1D6058950D05DD3E006BFB54 /* Release */,
				231FF6E210F135F2001658B8 /* Distribution */,
			);
			defaultConfigurationIsVisible = 0;
			defaultConfigurationName = Release;
		};
		C01FCF4E08A954540054247B /* Build configuration list for PBXProject "fosdem" */ = {
			isa = XCConfigurationList;
			buildConfigurations = (
				C01FCF4F08A954540054247B /* Debug */,
				C01FCF5008A954540054247B /* Release */,
				231FF6E110F135F2001658B8 /* Distribution */,
			);
			defaultConfigurationIsVisible = 0;
			defaultConfigurationName = Release;
		};
/* End XCConfigurationList section */
	};
	rootObject = 29B97313FDCFA39411CA2CEA /* Project object */;
}
