// !$*UTF8*$!
{
	archiveVersion = 1;
	classes = {
	};
	objectVersion = 45;
	objects = {

/* Begin PBXBuildFile section */
		1D3623260D0F684500981E51 /* fosdemAppDelegate.m in Sources */ = {isa = PBXBuildFile; fileRef = 1D3623250D0F684500981E51 /* fosdemAppDelegate.m */; };
		1D60589B0D05DD56006BFB54 /* main.m in Sources */ = {isa = PBXBuildFile; fileRef = 29B97316FDCFA39411CA2CEA /* main.m */; };
		1D60589F0D05DD5A006BFB54 /* Foundation.framework in Frameworks */ = {isa = PBXBuildFile; fileRef = 1D30AB110D05D00D00671497 /* Foundation.framework */; };
		1DF5F4E00D08C38300B7A737 /* UIKit.framework in Frameworks */ = {isa = PBXBuildFile; fileRef = 1DF5F4DF0D08C38300B7A737 /* UIKit.framework */; };
		233CA63610A478A800D84609 /* TODO in Resources */ = {isa = PBXBuildFile; fileRef = 233CA63510A478A800D84609 /* TODO */; };
		2348FD6510DE93C900021671 /* LADownload.m in Sources */ = {isa = PBXBuildFile; fileRef = 2348FD6410DE93C900021671 /* LADownload.m */; };
		2377DBC710BECE68008FDE65 /* fosdem_schedule.xcal in Resources */ = {isa = PBXBuildFile; fileRef = 2377DBC610BECE68008FDE65 /* fosdem_schedule.xcal */; };
		237FF51B10E2B36700DA34A8 /* AW1.105.png in Resources */ = {isa = PBXBuildFile; fileRef = 237FF50910E2B36700DA34A8 /* AW1.105.png */; };
		237FF51C10E2B36700DA34A8 /* AW1.117.png in Resources */ = {isa = PBXBuildFile; fileRef = 237FF50A10E2B36700DA34A8 /* AW1.117.png */; };
		237FF51D10E2B36700DA34A8 /* AW1.120.png in Resources */ = {isa = PBXBuildFile; fileRef = 237FF50B10E2B36700DA34A8 /* AW1.120.png */; };
		237FF51E10E2B36700DA34A8 /* AW1.121.png in Resources */ = {isa = PBXBuildFile; fileRef = 237FF50C10E2B36700DA34A8 /* AW1.121.png */; };
		237FF51F10E2B36700DA34A8 /* AW1.124.png in Resources */ = {isa = PBXBuildFile; fileRef = 237FF50D10E2B36700DA34A8 /* AW1.124.png */; };
		237FF52010E2B36700DA34A8 /* AW1.125.png in Resources */ = {isa = PBXBuildFile; fileRef = 237FF50E10E2B36700DA34A8 /* AW1.125.png */; };
		237FF52110E2B36700DA34A8 /* AW1.126.png in Resources */ = {isa = PBXBuildFile; fileRef = 237FF50F10E2B36700DA34A8 /* AW1.126.png */; };
		237FF52210E2B36700DA34A8 /* chavanne.png in Resources */ = {isa = PBXBuildFile; fileRef = 237FF51010E2B36700DA34A8 /* chavanne.png */; };
		237FF52310E2B36700DA34A8 /* ferrer.png in Resources */ = {isa = PBXBuildFile; fileRef = 237FF51110E2B36700DA34A8 /* ferrer.png */; };
		237FF52410E2B36700DA34A8 /* H.1301.png in Resources */ = {isa = PBXBuildFile; fileRef = 237FF51210E2B36700DA34A8 /* H.1301.png */; };
		237FF52510E2B36700DA34A8 /* H.1302.png in Resources */ = {isa = PBXBuildFile; fileRef = 237FF51310E2B36700DA34A8 /* H.1302.png */; };
		237FF52610E2B36700DA34A8 /* H.1308.png in Resources */ = {isa = PBXBuildFile; fileRef = 237FF51410E2B36700DA34A8 /* H.1308.png */; };
		237FF52710E2B36700DA34A8 /* H.1309.png in Resources */ = {isa = PBXBuildFile; fileRef = 237FF51510E2B36700DA34A8 /* H.1309.png */; };
		237FF52810E2B36700DA34A8 /* H.2213.png in Resources */ = {isa = PBXBuildFile; fileRef = 237FF51610E2B36700DA34A8 /* H.2213.png */; };
		237FF52910E2B36700DA34A8 /* H.2214.png in Resources */ = {isa = PBXBuildFile; fileRef = 237FF51710E2B36700DA34A8 /* H.2214.png */; };
		237FF52A10E2B36700DA34A8 /* janson.png in Resources */ = {isa = PBXBuildFile; fileRef = 237FF51810E2B36700DA34A8 /* janson.png */; };
		237FF52B10E2B36700DA34A8 /* lameere.png in Resources */ = {isa = PBXBuildFile; fileRef = 237FF51910E2B36700DA34A8 /* lameere.png */; };
		237FF52C10E2B36700DA34A8 /* UA2.114.png in Resources */ = {isa = PBXBuildFile; fileRef = 237FF51A10E2B36700DA34A8 /* UA2.114.png */; };
		239B8E4D10CE6038005FF2CB /* Default.png in Resources */ = {isa = PBXBuildFile; fileRef = 239B8E4C10CE6038005FF2CB /* Default.png */; };
		23F864A410A2C451000B39DA /* LATracksTableViewController.m in Sources */ = {isa = PBXBuildFile; fileRef = 23F864A210A2C451000B39DA /* LATracksTableViewController.m */; };
		288765080DF74369002DB57D /* CoreGraphics.framework in Frameworks */ = {isa = PBXBuildFile; fileRef = 288765070DF74369002DB57D /* CoreGraphics.framework */; };
		28AD73880D9D96C1002E5188 /* MainWindow.xib in Resources */ = {isa = PBXBuildFile; fileRef = 28AD73870D9D96C1002E5188 /* MainWindow.xib */; };
		35152FC010E183C30089466A /* NSStringAdditions.m in Sources */ = {isa = PBXBuildFile; fileRef = 35152FBE10E183C30089466A /* NSStringAdditions.m */; };
		35152FD010E1841E0089466A /* TapkuLibrary.bundle in Resources */ = {isa = PBXBuildFile; fileRef = 35152FCF10E1841E0089466A /* TapkuLibrary.bundle */; };
		3525421D10BC4D66007D9C6B /* LAEventDetailViewController.xib in Resources */ = {isa = PBXBuildFile; fileRef = 3525421B10BC4D66007D9C6B /* LAEventDetailViewController.xib */; };
		3525421E10BC4D66007D9C6B /* LATracksTableViewController.xib in Resources */ = {isa = PBXBuildFile; fileRef = 3525421C10BC4D66007D9C6B /* LATracksTableViewController.xib */; };
		3525422210BC4DA5007D9C6B /* LAStarredTableViewController.xib in Resources */ = {isa = PBXBuildFile; fileRef = 3525422110BC4DA5007D9C6B /* LAStarredTableViewController.xib */; };
		3525422910BC4DD5007D9C6B /* LAStarredTableViewController.m in Sources */ = {isa = PBXBuildFile; fileRef = 3525422810BC4DD5007D9C6B /* LAStarredTableViewController.m */; };
		3525449010BC7ED0007D9C6B /* template.html in Resources */ = {isa = PBXBuildFile; fileRef = 3525448F10BC7ED0007D9C6B /* template.html */; };
		3535FC0710B93F480057FF8E /* StarOff.png in Resources */ = {isa = PBXBuildFile; fileRef = 3535FC0510B93F480057FF8E /* StarOff.png */; };
		3535FC0810B93F480057FF8E /* StarOn.png in Resources */ = {isa = PBXBuildFile; fileRef = 3535FC0610B93F480057FF8E /* StarOn.png */; };
		357675D61089D2310042806B /* LAEventsTableViewController.xib in Resources */ = {isa = PBXBuildFile; fileRef = 357675D31089D2310042806B /* LAEventsTableViewController.xib */; };
		357675E11089D2400042806B /* LAEvent.m in Sources */ = {isa = PBXBuildFile; fileRef = 357675D81089D2400042806B /* LAEvent.m */; };
		357675E21089D2400042806B /* LAEventDatabase.m in Sources */ = {isa = PBXBuildFile; fileRef = 357675DA1089D2400042806B /* LAEventDatabase.m */; };
		357675E31089D2400042806B /* LAEventDetailViewController.m in Sources */ = {isa = PBXBuildFile; fileRef = 357675DC1089D2400042806B /* LAEventDetailViewController.m */; };
		357675E41089D2400042806B /* LAEventsTableViewController.m in Sources */ = {isa = PBXBuildFile; fileRef = 357675DE1089D2400042806B /* LAEventsTableViewController.m */; };
		357675E51089D2400042806B /* LAEventsXMLParser.m in Sources */ = {isa = PBXBuildFile; fileRef = 357675E01089D2400042806B /* LAEventsXMLParser.m */; };
		35A443C110DB5EF700DA30A3 /* TKOverviewHeaderView.m in Sources */ = {isa = PBXBuildFile; fileRef = 35A443BE10DB5EF700DA30A3 /* TKOverviewHeaderView.m */; };
		35A443C210DB5EF700DA30A3 /* TKOverviewIndicatorView.m in Sources */ = {isa = PBXBuildFile; fileRef = 35A443C010DB5EF700DA30A3 /* TKOverviewIndicatorView.m */; };
		35A443D110DB5F6000DA30A3 /* libxml2.2.dylib in Frameworks */ = {isa = PBXBuildFile; fileRef = 35A443D010DB5F6000DA30A3 /* libxml2.2.dylib */; };
		35A443F810DB5FCE00DA30A3 /* TKGlobal.m in Sources */ = {isa = PBXBuildFile; fileRef = 35A443F710DB5FCE00DA30A3 /* TKGlobal.m */; };
		35A443FC10DB5FF600DA30A3 /* CoreFoundation.framework in Frameworks */ = {isa = PBXBuildFile; fileRef = 35A443FB10DB5FF600DA30A3 /* CoreFoundation.framework */; };
		35A444AE10DC2ACC00DA30A3 /* NSDate+Between.m in Sources */ = {isa = PBXBuildFile; fileRef = 35A444AD10DC2ACC00DA30A3 /* NSDate+Between.m */; };
		35A444C010DC2FEC00DA30A3 /* LAUpcomingEventsTableViewController.m in Sources */ = {isa = PBXBuildFile; fileRef = 35A444BE10DC2FEC00DA30A3 /* LAUpcomingEventsTableViewController.m */; };
		35A444C110DC2FEC00DA30A3 /* LAUpcomingEventsTableViewController.xib in Resources */ = {isa = PBXBuildFile; fileRef = 35A444BF10DC2FEC00DA30A3 /* LAUpcomingEventsTableViewController.xib */; };
		35A4450610DCF56600DA30A3 /* UIImageAdditions.m in Sources */ = {isa = PBXBuildFile; fileRef = 35A4450310DCF56600DA30A3 /* UIImageAdditions.m */; };
		35A4450710DCF56600DA30A3 /* UIViewAdditions.m in Sources */ = {isa = PBXBuildFile; fileRef = 35A4450510DCF56600DA30A3 /* UIViewAdditions.m */; };
		35D23B81106F87C3003D9E0A /* descriptionPage.css in Resources */ = {isa = PBXBuildFile; fileRef = 35D23B80106F87C3003D9E0A /* descriptionPage.css */; };
/* End PBXBuildFile section */

/* Begin PBXFileReference section */
		1D30AB110D05D00D00671497 /* Foundation.framework */ = {isa = PBXFileReference; lastKnownFileType = wrapper.framework; name = Foundation.framework; path = System/Library/Frameworks/Foundation.framework; sourceTree = SDKROOT; };
		1D3623240D0F684500981E51 /* fosdemAppDelegate.h */ = {isa = PBXFileReference; fileEncoding = 4; lastKnownFileType = sourcecode.c.h; path = fosdemAppDelegate.h; sourceTree = "<group>"; };
		1D3623250D0F684500981E51 /* fosdemAppDelegate.m */ = {isa = PBXFileReference; fileEncoding = 4; lastKnownFileType = sourcecode.c.objc; path = fosdemAppDelegate.m; sourceTree = "<group>"; };
		1D6058910D05DD3D006BFB54 /* fosdem.app */ = {isa = PBXFileReference; explicitFileType = wrapper.application; includeInIndex = 0; path = fosdem.app; sourceTree = BUILT_PRODUCTS_DIR; };
		1DF5F4DF0D08C38300B7A737 /* UIKit.framework */ = {isa = PBXFileReference; lastKnownFileType = wrapper.framework; name = UIKit.framework; path = System/Library/Frameworks/UIKit.framework; sourceTree = SDKROOT; };
		233CA63510A478A800D84609 /* TODO */ = {isa = PBXFileReference; fileEncoding = 4; lastKnownFileType = text; path = TODO; sourceTree = "<group>"; };
		2348FD6310DE93C900021671 /* LADownload.h */ = {isa = PBXFileReference; fileEncoding = 4; lastKnownFileType = sourcecode.c.h; name = LADownload.h; path = ../LADownload.h; sourceTree = "<group>"; };
		2348FD6410DE93C900021671 /* LADownload.m */ = {isa = PBXFileReference; fileEncoding = 4; lastKnownFileType = sourcecode.c.objc; name = LADownload.m; path = ../LADownload.m; sourceTree = "<group>"; };
		2377DBC610BECE68008FDE65 /* fosdem_schedule.xcal */ = {isa = PBXFileReference; fileEncoding = 4; lastKnownFileType = text.xml; path = fosdem_schedule.xcal; sourceTree = "<group>"; };
		237FF50910E2B36700DA34A8 /* AW1.105.png */ = {isa = PBXFileReference; lastKnownFileType = image.png; path = AW1.105.png; sourceTree = "<group>"; };
		237FF50A10E2B36700DA34A8 /* AW1.117.png */ = {isa = PBXFileReference; lastKnownFileType = image.png; path = AW1.117.png; sourceTree = "<group>"; };
		237FF50B10E2B36700DA34A8 /* AW1.120.png */ = {isa = PBXFileReference; lastKnownFileType = image.png; path = AW1.120.png; sourceTree = "<group>"; };
		237FF50C10E2B36700DA34A8 /* AW1.121.png */ = {isa = PBXFileReference; lastKnownFileType = image.png; path = AW1.121.png; sourceTree = "<group>"; };
		237FF50D10E2B36700DA34A8 /* AW1.124.png */ = {isa = PBXFileReference; lastKnownFileType = image.png; path = AW1.124.png; sourceTree = "<group>"; };
		237FF50E10E2B36700DA34A8 /* AW1.125.png */ = {isa = PBXFileReference; lastKnownFileType = image.png; path = AW1.125.png; sourceTree = "<group>"; };
		237FF50F10E2B36700DA34A8 /* AW1.126.png */ = {isa = PBXFileReference; lastKnownFileType = image.png; path = AW1.126.png; sourceTree = "<group>"; };
		237FF51010E2B36700DA34A8 /* chavanne.png */ = {isa = PBXFileReference; lastKnownFileType = image.png; path = chavanne.png; sourceTree = "<group>"; };
		237FF51110E2B36700DA34A8 /* ferrer.png */ = {isa = PBXFileReference; lastKnownFileType = image.png; path = ferrer.png; sourceTree = "<group>"; };
		237FF51210E2B36700DA34A8 /* H.1301.png */ = {isa = PBXFileReference; lastKnownFileType = image.png; path = H.1301.png; sourceTree = "<group>"; };
		237FF51310E2B36700DA34A8 /* H.1302.png */ = {isa = PBXFileReference; lastKnownFileType = image.png; path = H.1302.png; sourceTree = "<group>"; };
		237FF51410E2B36700DA34A8 /* H.1308.png */ = {isa = PBXFileReference; lastKnownFileType = image.png; path = H.1308.png; sourceTree = "<group>"; };
		237FF51510E2B36700DA34A8 /* H.1309.png */ = {isa = PBXFileReference; lastKnownFileType = image.png; path = H.1309.png; sourceTree = "<group>"; };
		237FF51610E2B36700DA34A8 /* H.2213.png */ = {isa = PBXFileReference; lastKnownFileType = image.png; path = H.2213.png; sourceTree = "<group>"; };
		237FF51710E2B36700DA34A8 /* H.2214.png */ = {isa = PBXFileReference; lastKnownFileType = image.png; path = H.2214.png; sourceTree = "<group>"; };
		237FF51810E2B36700DA34A8 /* janson.png */ = {isa = PBXFileReference; lastKnownFileType = image.png; path = janson.png; sourceTree = "<group>"; };
		237FF51910E2B36700DA34A8 /* lameere.png */ = {isa = PBXFileReference; lastKnownFileType = image.png; path = lameere.png; sourceTree = "<group>"; };
		237FF51A10E2B36700DA34A8 /* UA2.114.png */ = {isa = PBXFileReference; lastKnownFileType = image.png; path = UA2.114.png; sourceTree = "<group>"; };
		239B8E4C10CE6038005FF2CB /* Default.png */ = {isa = PBXFileReference; lastKnownFileType = image.png; path = Default.png; sourceTree = "<group>"; };
		23F864A110A2C451000B39DA /* LATracksTableViewController.h */ = {isa = PBXFileReference; fileEncoding = 4; lastKnownFileType = sourcecode.c.h; path = LATracksTableViewController.h; sourceTree = "<group>"; };
		23F864A210A2C451000B39DA /* LATracksTableViewController.m */ = {isa = PBXFileReference; fileEncoding = 4; lastKnownFileType = sourcecode.c.objc; path = LATracksTableViewController.m; sourceTree = "<group>"; };
		288765070DF74369002DB57D /* CoreGraphics.framework */ = {isa = PBXFileReference; lastKnownFileType = wrapper.framework; name = CoreGraphics.framework; path = System/Library/Frameworks/CoreGraphics.framework; sourceTree = SDKROOT; };
		28A0AB4B0D9B1048005BE974 /* fosdem_Prefix.pch */ = {isa = PBXFileReference; fileEncoding = 4; lastKnownFileType = sourcecode.c.h; path = fosdem_Prefix.pch; sourceTree = "<group>"; };
		28AD73870D9D96C1002E5188 /* MainWindow.xib */ = {isa = PBXFileReference; lastKnownFileType = file.xib; path = MainWindow.xib; sourceTree = "<group>"; };
		29B97316FDCFA39411CA2CEA /* main.m */ = {isa = PBXFileReference; fileEncoding = 4; lastKnownFileType = sourcecode.c.objc; path = main.m; sourceTree = "<group>"; };
		35152FBD10E183C30089466A /* NSStringAdditions.h */ = {isa = PBXFileReference; fileEncoding = 4; lastKnownFileType = sourcecode.c.h; name = NSStringAdditions.h; path = ../tapkulibrary/src/TapkuLibrary/NSStringAdditions.h; sourceTree = SOURCE_ROOT; };
		35152FBE10E183C30089466A /* NSStringAdditions.m */ = {isa = PBXFileReference; fileEncoding = 4; lastKnownFileType = sourcecode.c.objc; name = NSStringAdditions.m; path = ../tapkulibrary/src/TapkuLibrary/NSStringAdditions.m; sourceTree = SOURCE_ROOT; };
		35152FCF10E1841E0089466A /* TapkuLibrary.bundle */ = {isa = PBXFileReference; lastKnownFileType = "wrapper.plug-in"; name = TapkuLibrary.bundle; path = ../tapkulibrary/src/TapkuLibrary.bundle; sourceTree = SOURCE_ROOT; };
		3525421B10BC4D66007D9C6B /* LAEventDetailViewController.xib */ = {isa = PBXFileReference; lastKnownFileType = file.xib; path = LAEventDetailViewController.xib; sourceTree = "<group>"; };
		3525421C10BC4D66007D9C6B /* LATracksTableViewController.xib */ = {isa = PBXFileReference; lastKnownFileType = file.xib; path = LATracksTableViewController.xib; sourceTree = "<group>"; };
		3525422110BC4DA5007D9C6B /* LAStarredTableViewController.xib */ = {isa = PBXFileReference; lastKnownFileType = file.xib; path = LAStarredTableViewController.xib; sourceTree = "<group>"; };
		3525422710BC4DD5007D9C6B /* LAStarredTableViewController.h */ = {isa = PBXFileReference; fileEncoding = 4; lastKnownFileType = sourcecode.c.h; path = LAStarredTableViewController.h; sourceTree = "<group>"; };
		3525422810BC4DD5007D9C6B /* LAStarredTableViewController.m */ = {isa = PBXFileReference; fileEncoding = 4; lastKnownFileType = sourcecode.c.objc; path = LAStarredTableViewController.m; sourceTree = "<group>"; };
		3525448F10BC7ED0007D9C6B /* template.html */ = {isa = PBXFileReference; fileEncoding = 4; lastKnownFileType = text.html; path = template.html; sourceTree = "<group>"; };
		3535FC0510B93F480057FF8E /* StarOff.png */ = {isa = PBXFileReference; lastKnownFileType = image.png; path = StarOff.png; sourceTree = "<group>"; };
		3535FC0610B93F480057FF8E /* StarOn.png */ = {isa = PBXFileReference; lastKnownFileType = image.png; path = StarOn.png; sourceTree = "<group>"; };
		357675D31089D2310042806B /* LAEventsTableViewController.xib */ = {isa = PBXFileReference; lastKnownFileType = file.xib; path = LAEventsTableViewController.xib; sourceTree = "<group>"; };
		357675D71089D2400042806B /* LAEvent.h */ = {isa = PBXFileReference; fileEncoding = 4; lastKnownFileType = sourcecode.c.h; path = LAEvent.h; sourceTree = "<group>"; };
		357675D81089D2400042806B /* LAEvent.m */ = {isa = PBXFileReference; fileEncoding = 4; lastKnownFileType = sourcecode.c.objc; path = LAEvent.m; sourceTree = "<group>"; };
		357675D91089D2400042806B /* LAEventDatabase.h */ = {isa = PBXFileReference; fileEncoding = 4; lastKnownFileType = sourcecode.c.h; path = LAEventDatabase.h; sourceTree = "<group>"; };
		357675DA1089D2400042806B /* LAEventDatabase.m */ = {isa = PBXFileReference; fileEncoding = 4; lastKnownFileType = sourcecode.c.objc; path = LAEventDatabase.m; sourceTree = "<group>"; };
		357675DB1089D2400042806B /* LAEventDetailViewController.h */ = {isa = PBXFileReference; fileEncoding = 4; lastKnownFileType = sourcecode.c.h; path = LAEventDetailViewController.h; sourceTree = "<group>"; };
		357675DC1089D2400042806B /* LAEventDetailViewController.m */ = {isa = PBXFileReference; fileEncoding = 4; lastKnownFileType = sourcecode.c.objc; path = LAEventDetailViewController.m; sourceTree = "<group>"; };
		357675DD1089D2400042806B /* LAEventsTableViewController.h */ = {isa = PBXFileReference; fileEncoding = 4; lastKnownFileType = sourcecode.c.h; path = LAEventsTableViewController.h; sourceTree = "<group>"; };
		357675DE1089D2400042806B /* LAEventsTableViewController.m */ = {isa = PBXFileReference; fileEncoding = 4; lastKnownFileType = sourcecode.c.objc; path = LAEventsTableViewController.m; sourceTree = "<group>"; };
		357675DF1089D2400042806B /* LAEventsXMLParser.h */ = {isa = PBXFileReference; fileEncoding = 4; lastKnownFileType = sourcecode.c.h; path = LAEventsXMLParser.h; sourceTree = "<group>"; };
		357675E01089D2400042806B /* LAEventsXMLParser.m */ = {isa = PBXFileReference; fileEncoding = 4; lastKnownFileType = sourcecode.c.objc; path = LAEventsXMLParser.m; sourceTree = "<group>"; };
		35A443BD10DB5EF700DA30A3 /* TKOverviewHeaderView.h */ = {isa = PBXFileReference; fileEncoding = 4; lastKnownFileType = sourcecode.c.h; name = TKOverviewHeaderView.h; path = ../tapkulibrary/src/TapkuLibrary/TKOverviewHeaderView.h; sourceTree = SOURCE_ROOT; };
		35A443BE10DB5EF700DA30A3 /* TKOverviewHeaderView.m */ = {isa = PBXFileReference; fileEncoding = 4; lastKnownFileType = sourcecode.c.objc; name = TKOverviewHeaderView.m; path = ../tapkulibrary/src/TapkuLibrary/TKOverviewHeaderView.m; sourceTree = SOURCE_ROOT; };
		35A443BF10DB5EF700DA30A3 /* TKOverviewIndicatorView.h */ = {isa = PBXFileReference; fileEncoding = 4; lastKnownFileType = sourcecode.c.h; name = TKOverviewIndicatorView.h; path = ../tapkulibrary/src/TapkuLibrary/TKOverviewIndicatorView.h; sourceTree = SOURCE_ROOT; };
		35A443C010DB5EF700DA30A3 /* TKOverviewIndicatorView.m */ = {isa = PBXFileReference; fileEncoding = 4; lastKnownFileType = sourcecode.c.objc; name = TKOverviewIndicatorView.m; path = ../tapkulibrary/src/TapkuLibrary/TKOverviewIndicatorView.m; sourceTree = SOURCE_ROOT; };
		35A443D010DB5F6000DA30A3 /* libxml2.2.dylib */ = {isa = PBXFileReference; lastKnownFileType = "compiled.mach-o.dylib"; name = libxml2.2.dylib; path = usr/lib/libxml2.2.dylib; sourceTree = SDKROOT; };
		35A443F610DB5FCE00DA30A3 /* TKGlobal.h */ = {isa = PBXFileReference; fileEncoding = 4; lastKnownFileType = sourcecode.c.h; name = TKGlobal.h; path = ../tapkulibrary/src/TapkuLibrary/TKGlobal.h; sourceTree = SOURCE_ROOT; };
		35A443F710DB5FCE00DA30A3 /* TKGlobal.m */ = {isa = PBXFileReference; fileEncoding = 4; lastKnownFileType = sourcecode.c.objc; name = TKGlobal.m; path = ../tapkulibrary/src/TapkuLibrary/TKGlobal.m; sourceTree = SOURCE_ROOT; };
		35A443FB10DB5FF600DA30A3 /* CoreFoundation.framework */ = {isa = PBXFileReference; lastKnownFileType = wrapper.framework; name = CoreFoundation.framework; path = System/Library/Frameworks/CoreFoundation.framework; sourceTree = SDKROOT; };
		35A444AC10DC2ACC00DA30A3 /* NSDate+Between.h */ = {isa = PBXFileReference; fileEncoding = 4; lastKnownFileType = sourcecode.c.h; path = "NSDate+Between.h"; sourceTree = "<group>"; };
		35A444AD10DC2ACC00DA30A3 /* NSDate+Between.m */ = {isa = PBXFileReference; fileEncoding = 4; lastKnownFileType = sourcecode.c.objc; path = "NSDate+Between.m"; sourceTree = "<group>"; };
		35A444BD10DC2FEC00DA30A3 /* LAUpcomingEventsTableViewController.h */ = {isa = PBXFileReference; fileEncoding = 4; lastKnownFileType = sourcecode.c.h; name = LAUpcomingEventsTableViewController.h; path = ../LAUpcomingEventsTableViewController.h; sourceTree = "<group>"; };
		35A444BE10DC2FEC00DA30A3 /* LAUpcomingEventsTableViewController.m */ = {isa = PBXFileReference; fileEncoding = 4; lastKnownFileType = sourcecode.c.objc; name = LAUpcomingEventsTableViewController.m; path = ../LAUpcomingEventsTableViewController.m; sourceTree = "<group>"; };
		35A444BF10DC2FEC00DA30A3 /* LAUpcomingEventsTableViewController.xib */ = {isa = PBXFileReference; lastKnownFileType = file.xib; path = LAUpcomingEventsTableViewController.xib; sourceTree = "<group>"; };
		35A4450210DCF56600DA30A3 /* UIImageAdditions.h */ = {isa = PBXFileReference; fileEncoding = 4; lastKnownFileType = sourcecode.c.h; name = UIImageAdditions.h; path = ../tapkulibrary/src/TapkuLibrary/UIImageAdditions.h; sourceTree = SOURCE_ROOT; };
		35A4450310DCF56600DA30A3 /* UIImageAdditions.m */ = {isa = PBXFileReference; fileEncoding = 4; lastKnownFileType = sourcecode.c.objc; name = UIImageAdditions.m; path = ../tapkulibrary/src/TapkuLibrary/UIImageAdditions.m; sourceTree = SOURCE_ROOT; };
		35A4450410DCF56600DA30A3 /* UIViewAdditions.h */ = {isa = PBXFileReference; fileEncoding = 4; lastKnownFileType = sourcecode.c.h; name = UIViewAdditions.h; path = ../tapkulibrary/src/TapkuLibrary/UIViewAdditions.h; sourceTree = SOURCE_ROOT; };
		35A4450510DCF56600DA30A3 /* UIViewAdditions.m */ = {isa = PBXFileReference; fileEncoding = 4; lastKnownFileType = sourcecode.c.objc; name = UIViewAdditions.m; path = ../tapkulibrary/src/TapkuLibrary/UIViewAdditions.m; sourceTree = SOURCE_ROOT; };
		35D23B80106F87C3003D9E0A /* descriptionPage.css */ = {isa = PBXFileReference; fileEncoding = 4; lastKnownFileType = text.css; path = descriptionPage.css; sourceTree = "<group>"; };
		8D1107310486CEB800E47090 /* fosdem-Info.plist */ = {isa = PBXFileReference; fileEncoding = 4; lastKnownFileType = text.plist.xml; path = "fosdem-Info.plist"; plistStructureDefinitionIdentifier = "com.apple.xcode.plist.structure-definition.iphone.info-plist"; sourceTree = "<group>"; };
/* End PBXFileReference section */

/* Begin PBXFrameworksBuildPhase section */
		1D60588F0D05DD3D006BFB54 /* Frameworks */ = {
			isa = PBXFrameworksBuildPhase;
			buildActionMask = 2147483647;
			files = (
				1D60589F0D05DD5A006BFB54 /* Foundation.framework in Frameworks */,
				1DF5F4E00D08C38300B7A737 /* UIKit.framework in Frameworks */,
				288765080DF74369002DB57D /* CoreGraphics.framework in Frameworks */,
				35A443D110DB5F6000DA30A3 /* libxml2.2.dylib in Frameworks */,
				35A443FC10DB5FF600DA30A3 /* CoreFoundation.framework in Frameworks */,
			);
			runOnlyForDeploymentPostprocessing = 0;
		};
/* End PBXFrameworksBuildPhase section */

/* Begin PBXGroup section */
		080E96DDFE201D6D7F000001 /* Classes */ = {
			isa = PBXGroup;
			children = (
				2348FD6310DE93C900021671 /* LADownload.h */,
				2348FD6410DE93C900021671 /* LADownload.m */,
				357675D71089D2400042806B /* LAEvent.h */,
				357675D81089D2400042806B /* LAEvent.m */,
				357675D91089D2400042806B /* LAEventDatabase.h */,
				357675DA1089D2400042806B /* LAEventDatabase.m */,
				357675DB1089D2400042806B /* LAEventDetailViewController.h */,
				357675DC1089D2400042806B /* LAEventDetailViewController.m */,
				357675DD1089D2400042806B /* LAEventsTableViewController.h */,
				357675DE1089D2400042806B /* LAEventsTableViewController.m */,
				23F864A110A2C451000B39DA /* LATracksTableViewController.h */,
				23F864A210A2C451000B39DA /* LATracksTableViewController.m */,
				357675DF1089D2400042806B /* LAEventsXMLParser.h */,
				357675E01089D2400042806B /* LAEventsXMLParser.m */,
				1D3623240D0F684500981E51 /* fosdemAppDelegate.h */,
				1D3623250D0F684500981E51 /* fosdemAppDelegate.m */,
				3525422710BC4DD5007D9C6B /* LAStarredTableViewController.h */,
				3525422810BC4DD5007D9C6B /* LAStarredTableViewController.m */,
				35A444BD10DC2FEC00DA30A3 /* LAUpcomingEventsTableViewController.h */,
				35A444BE10DC2FEC00DA30A3 /* LAUpcomingEventsTableViewController.m */,
				35A443B710DB5EAE00DA30A3 /* Tapku */,
				35A444AC10DC2ACC00DA30A3 /* NSDate+Between.h */,
				35A444AD10DC2ACC00DA30A3 /* NSDate+Between.m */,
			);
			path = Classes;
			sourceTree = "<group>";
		};
		19C28FACFE9D520D11CA2CBB /* Products */ = {
			isa = PBXGroup;
			children = (
				1D6058910D05DD3D006BFB54 /* fosdem.app */,
			);
			name = Products;
			sourceTree = "<group>";
		};
		237FF50810E2B36700DA34A8 /* maps */ = {
			isa = PBXGroup;
			children = (
				237FF50910E2B36700DA34A8 /* AW1.105.png */,
				237FF50A10E2B36700DA34A8 /* AW1.117.png */,
				237FF50B10E2B36700DA34A8 /* AW1.120.png */,
				237FF50C10E2B36700DA34A8 /* AW1.121.png */,
				237FF50D10E2B36700DA34A8 /* AW1.124.png */,
				237FF50E10E2B36700DA34A8 /* AW1.125.png */,
				237FF50F10E2B36700DA34A8 /* AW1.126.png */,
				237FF51010E2B36700DA34A8 /* chavanne.png */,
				237FF51110E2B36700DA34A8 /* ferrer.png */,
				237FF51210E2B36700DA34A8 /* H.1301.png */,
				237FF51310E2B36700DA34A8 /* H.1302.png */,
				237FF51410E2B36700DA34A8 /* H.1308.png */,
				237FF51510E2B36700DA34A8 /* H.1309.png */,
				237FF51610E2B36700DA34A8 /* H.2213.png */,
				237FF51710E2B36700DA34A8 /* H.2214.png */,
				237FF51810E2B36700DA34A8 /* janson.png */,
				237FF51910E2B36700DA34A8 /* lameere.png */,
				237FF51A10E2B36700DA34A8 /* UA2.114.png */,
			);
			includeInIndex = 1;
			path = maps;
			sourceTree = "<group>";
		};
		29B97314FDCFA39411CA2CEA /* fosdem */ = {
			isa = PBXGroup;
			children = (
				080E96DDFE201D6D7F000001 /* Classes */,
				29B97315FDCFA39411CA2CEA /* Other Sources */,
				29B97317FDCFA39411CA2CEA /* Resources */,
				29B97323FDCFA39411CA2CEA /* Frameworks */,
				19C28FACFE9D520D11CA2CBB /* Products */,
				35A443FB10DB5FF600DA30A3 /* CoreFoundation.framework */,
			);
			name = fosdem;
			sourceTree = "<group>";
		};
		29B97315FDCFA39411CA2CEA /* Other Sources */ = {
			isa = PBXGroup;
			children = (
				28A0AB4B0D9B1048005BE974 /* fosdem_Prefix.pch */,
				29B97316FDCFA39411CA2CEA /* main.m */,
			);
			name = "Other Sources";
			sourceTree = "<group>";
		};
		29B97317FDCFA39411CA2CEA /* Resources */ = {
			isa = PBXGroup;
			children = (
				237FF50810E2B36700DA34A8 /* maps */,
				35152FCF10E1841E0089466A /* TapkuLibrary.bundle */,
				239B8E4C10CE6038005FF2CB /* Default.png */,
				3525448F10BC7ED0007D9C6B /* template.html */,
				3525422110BC4DA5007D9C6B /* LAStarredTableViewController.xib */,
				3525421B10BC4D66007D9C6B /* LAEventDetailViewController.xib */,
				3525421C10BC4D66007D9C6B /* LATracksTableViewController.xib */,
				3535FC0510B93F480057FF8E /* StarOff.png */,
				3535FC0610B93F480057FF8E /* StarOn.png */,
				2377DBC610BECE68008FDE65 /* fosdem_schedule.xcal */,
				357675D31089D2310042806B /* LAEventsTableViewController.xib */,
				35D23B80106F87C3003D9E0A /* descriptionPage.css */,
				28AD73870D9D96C1002E5188 /* MainWindow.xib */,
				8D1107310486CEB800E47090 /* fosdem-Info.plist */,
				233CA63510A478A800D84609 /* TODO */,
				35A444BF10DC2FEC00DA30A3 /* LAUpcomingEventsTableViewController.xib */,
			);
			name = Resources;
			sourceTree = "<group>";
		};
		29B97323FDCFA39411CA2CEA /* Frameworks */ = {
			isa = PBXGroup;
			children = (
				1DF5F4DF0D08C38300B7A737 /* UIKit.framework */,
				1D30AB110D05D00D00671497 /* Foundation.framework */,
				288765070DF74369002DB57D /* CoreGraphics.framework */,
				35A443D010DB5F6000DA30A3 /* libxml2.2.dylib */,
			);
			name = Frameworks;
			sourceTree = "<group>";
		};
		35A443B710DB5EAE00DA30A3 /* Tapku */ = {
			isa = PBXGroup;
			children = (
				35152FBD10E183C30089466A /* NSStringAdditions.h */,
				35152FBE10E183C30089466A /* NSStringAdditions.m */,
				35A4450210DCF56600DA30A3 /* UIImageAdditions.h */,
				35A4450310DCF56600DA30A3 /* UIImageAdditions.m */,
				35A4450410DCF56600DA30A3 /* UIViewAdditions.h */,
				35A4450510DCF56600DA30A3 /* UIViewAdditions.m */,
				35A443F610DB5FCE00DA30A3 /* TKGlobal.h */,
				35A443F710DB5FCE00DA30A3 /* TKGlobal.m */,
				35A443BD10DB5EF700DA30A3 /* TKOverviewHeaderView.h */,
				35A443BE10DB5EF700DA30A3 /* TKOverviewHeaderView.m */,
				35A443BF10DB5EF700DA30A3 /* TKOverviewIndicatorView.h */,
				35A443C010DB5EF700DA30A3 /* TKOverviewIndicatorView.m */,
			);
			name = Tapku;
			sourceTree = "<group>";
		};
/* End PBXGroup section */

/* Begin PBXNativeTarget section */
		1D6058900D05DD3D006BFB54 /* fosdem */ = {
			isa = PBXNativeTarget;
			buildConfigurationList = 1D6058960D05DD3E006BFB54 /* Build configuration list for PBXNativeTarget "fosdem" */;
			buildPhases = (
				1D60588D0D05DD3D006BFB54 /* Resources */,
				1D60588E0D05DD3D006BFB54 /* Sources */,
				1D60588F0D05DD3D006BFB54 /* Frameworks */,
			);
			buildRules = (
			);
			dependencies = (
			);
			name = fosdem;
			productName = fosdem;
			productReference = 1D6058910D05DD3D006BFB54 /* fosdem.app */;
			productType = "com.apple.product-type.application";
		};
/* End PBXNativeTarget section */

/* Begin PBXProject section */
		29B97313FDCFA39411CA2CEA /* Project object */ = {
			isa = PBXProject;
			buildConfigurationList = C01FCF4E08A954540054247B /* Build configuration list for PBXProject "fosdem" */;
			compatibilityVersion = "Xcode 3.1";
			hasScannedForEncodings = 1;
			mainGroup = 29B97314FDCFA39411CA2CEA /* fosdem */;
			projectDirPath = "";
			projectRoot = "";
			targets = (
				1D6058900D05DD3D006BFB54 /* fosdem */,
			);
		};
/* End PBXProject section */

/* Begin PBXResourcesBuildPhase section */
		1D60588D0D05DD3D006BFB54 /* Resources */ = {
			isa = PBXResourcesBuildPhase;
			buildActionMask = 2147483647;
			files = (
				28AD73880D9D96C1002E5188 /* MainWindow.xib in Resources */,
				35D23B81106F87C3003D9E0A /* descriptionPage.css in Resources */,
				357675D61089D2310042806B /* LAEventsTableViewController.xib in Resources */,
				233CA63610A478A800D84609 /* TODO in Resources */,
				3535FC0710B93F480057FF8E /* StarOff.png in Resources */,
				3535FC0810B93F480057FF8E /* StarOn.png in Resources */,
				3525421D10BC4D66007D9C6B /* LAEventDetailViewController.xib in Resources */,
				3525421E10BC4D66007D9C6B /* LATracksTableViewController.xib in Resources */,
				3525422210BC4DA5007D9C6B /* LAStarredTableViewController.xib in Resources */,
				3525449010BC7ED0007D9C6B /* template.html in Resources */,
				2377DBC710BECE68008FDE65 /* fosdem_schedule.xcal in Resources */,
				239B8E4D10CE6038005FF2CB /* Default.png in Resources */,
				35A444C110DC2FEC00DA30A3 /* LAUpcomingEventsTableViewController.xib in Resources */,
				35152FD010E1841E0089466A /* TapkuLibrary.bundle in Resources */,
				237FF51B10E2B36700DA34A8 /* AW1.105.png in Resources */,
				237FF51C10E2B36700DA34A8 /* AW1.117.png in Resources */,
				237FF51D10E2B36700DA34A8 /* AW1.120.png in Resources */,
				237FF51E10E2B36700DA34A8 /* AW1.121.png in Resources */,
				237FF51F10E2B36700DA34A8 /* AW1.124.png in Resources */,
				237FF52010E2B36700DA34A8 /* AW1.125.png in Resources */,
				237FF52110E2B36700DA34A8 /* AW1.126.png in Resources */,
				237FF52210E2B36700DA34A8 /* chavanne.png in Resources */,
				237FF52310E2B36700DA34A8 /* ferrer.png in Resources */,
				237FF52410E2B36700DA34A8 /* H.1301.png in Resources */,
				237FF52510E2B36700DA34A8 /* H.1302.png in Resources */,
				237FF52610E2B36700DA34A8 /* H.1308.png in Resources */,
				237FF52710E2B36700DA34A8 /* H.1309.png in Resources */,
				237FF52810E2B36700DA34A8 /* H.2213.png in Resources */,
				237FF52910E2B36700DA34A8 /* H.2214.png in Resources */,
				237FF52A10E2B36700DA34A8 /* janson.png in Resources */,
				237FF52B10E2B36700DA34A8 /* lameere.png in Resources */,
				237FF52C10E2B36700DA34A8 /* UA2.114.png in Resources */,
			);
			runOnlyForDeploymentPostprocessing = 0;
		};
/* End PBXResourcesBuildPhase section */

/* Begin PBXSourcesBuildPhase section */
		1D60588E0D05DD3D006BFB54 /* Sources */ = {
			isa = PBXSourcesBuildPhase;
			buildActionMask = 2147483647;
			files = (
				1D60589B0D05DD56006BFB54 /* main.m in Sources */,
				1D3623260D0F684500981E51 /* fosdemAppDelegate.m in Sources */,
				357675E11089D2400042806B /* LAEvent.m in Sources */,
				357675E21089D2400042806B /* LAEventDatabase.m in Sources */,
				357675E31089D2400042806B /* LAEventDetailViewController.m in Sources */,
				357675E41089D2400042806B /* LAEventsTableViewController.m in Sources */,
				357675E51089D2400042806B /* LAEventsXMLParser.m in Sources */,
				23F864A410A2C451000B39DA /* LATracksTableViewController.m in Sources */,
				3525422910BC4DD5007D9C6B /* LAStarredTableViewController.m in Sources */,
				35A443C110DB5EF700DA30A3 /* TKOverviewHeaderView.m in Sources */,
				35A443C210DB5EF700DA30A3 /* TKOverviewIndicatorView.m in Sources */,
				35A443F810DB5FCE00DA30A3 /* TKGlobal.m in Sources */,
				35A444AE10DC2ACC00DA30A3 /* NSDate+Between.m in Sources */,
				35A444C010DC2FEC00DA30A3 /* LAUpcomingEventsTableViewController.m in Sources */,
				35A4450610DCF56600DA30A3 /* UIImageAdditions.m in Sources */,
				35A4450710DCF56600DA30A3 /* UIViewAdditions.m in Sources */,
				2348FD6510DE93C900021671 /* LADownload.m in Sources */,
				35152FC010E183C30089466A /* NSStringAdditions.m in Sources */,
			);
			runOnlyForDeploymentPostprocessing = 0;
		};
/* End PBXSourcesBuildPhase section */

/* Begin XCBuildConfiguration section */
		1D6058940D05DD3E006BFB54 /* Debug */ = {
			isa = XCBuildConfiguration;
			buildSettings = {
				ALWAYS_SEARCH_USER_PATHS = NO;
				COPY_PHASE_STRIP = NO;
				GCC_DYNAMIC_NO_PIC = NO;
				GCC_OPTIMIZATION_LEVEL = 0;
				GCC_PRECOMPILE_PREFIX_HEADER = YES;
				GCC_PREFIX_HEADER = fosdem_Prefix.pch;
				INFOPLIST_FILE = "fosdem-Info.plist";
				PRODUCT_NAME = fosdem;
			};
			name = Debug;
		};
		1D6058950D05DD3E006BFB54 /* Release */ = {
			isa = XCBuildConfiguration;
			buildSettings = {
				ALWAYS_SEARCH_USER_PATHS = NO;
				COPY_PHASE_STRIP = YES;
				GCC_PRECOMPILE_PREFIX_HEADER = YES;
				GCC_PREFIX_HEADER = fosdem_Prefix.pch;
				INFOPLIST_FILE = "fosdem-Info.plist";
				PRODUCT_NAME = fosdem;
			};
			name = Release;
		};
		C01FCF4F08A954540054247B /* Debug */ = {
			isa = XCBuildConfiguration;
			buildSettings = {
				ARCHS = "$(ARCHS_STANDARD_32_BIT)";
				"CODE_SIGN_IDENTITY[sdk=iphoneos*]" = "iPhone Developer";
				GCC_C_LANGUAGE_STANDARD = c99;
				GCC_WARN_ABOUT_RETURN_TYPE = YES;
				GCC_WARN_UNUSED_VARIABLE = YES;
				HEADER_SEARCH_PATHS = "/usr/include/libxml2/**";
				PREBINDING = NO;
				SDKROOT = iphoneos3.0;
			};
			name = Debug;
		};
		C01FCF5008A954540054247B /* Release */ = {
			isa = XCBuildConfiguration;
			buildSettings = {
				ARCHS = "$(ARCHS_STANDARD_32_BIT)";
				"CODE_SIGN_IDENTITY[sdk=iphoneos*]" = "iPhone Developer";
				GCC_C_LANGUAGE_STANDARD = c99;
				GCC_WARN_ABOUT_RETURN_TYPE = YES;
				GCC_WARN_UNUSED_VARIABLE = YES;
				PREBINDING = NO;
				SDKROOT = iphoneos3.0;
			};
			name = Release;
		};
/* End XCBuildConfiguration section */

/* Begin XCConfigurationList section */
		1D6058960D05DD3E006BFB54 /* Build configuration list for PBXNativeTarget "fosdem" */ = {
			isa = XCConfigurationList;
			buildConfigurations = (
				1D6058940D05DD3E006BFB54 /* Debug */,
				1D6058950D05DD3E006BFB54 /* Release */,
			);
			defaultConfigurationIsVisible = 0;
			defaultConfigurationName = Release;
		};
		C01FCF4E08A954540054247B /* Build configuration list for PBXProject "fosdem" */ = {
			isa = XCConfigurationList;
			buildConfigurations = (
				C01FCF4F08A954540054247B /* Debug */,
				C01FCF5008A954540054247B /* Release */,
			);
			defaultConfigurationIsVisible = 0;
			defaultConfigurationName = Release;
		};
/* End XCConfigurationList section */
	};
	rootObject = 29B97313FDCFA39411CA2CEA /* Project object */;
}
